{
  "version": 2,
  "dependencies": {
    "net10.0": {
      "Dock.Model.Inpc": {
        "type": "Direct",
        "requested": "[12.1.0.6, )",
        "resolved": "12.1.0.6",
        "contentHash": "lXc+ihqvdmfqj6Nvi9vGEVKAZSMLgqeF3cv1LGZetx5IPJ8KurgrFGt3/krWsc1jIx3DyY05aPcRqptgXPK9RQ==",
        "dependencies": {
          "Dock.Model": "12.1.0.6"
        }
      },
      "Meziantou.Analyzer": {
        "type": "Direct",
        "requested": "[3.0.163, )",
        "resolved": "3.0.163",
        "contentHash": "l9iZ+OXBGlAFEKH1y4BSKPXHcmpJmikysSm0brjTau8fR7Qm7IVGLVig+dh0RH9mq4s3neZayuPQrHRweOpxxw=="
      },
      "Microsoft.CodeAnalysis.BannedApiAnalyzers": {
        "type": "Direct",
        "requested": "[5.6.0, )",
        "resolved": "5.6.0",
        "contentHash": "Kcobt3pnOdO0A+6CKiMHZdTEluJpsfxiV20axtZdmfBQnDmiWTKPJADlgAfdTuKNAnVarrkJa0UEGwuOo91muw=="
      },
      "Microsoft.NET.ILLink.Tasks": {
        "type": "Direct",
        "requested": "[10.0.11, )",
        "resolved": "10.0.11",
        "contentHash": "IBf7lbovvjGWVWXZX5cJ/cO0WXbId0Zq4BuSeT94mGZuOAP66oMeH9PTBZ9Jpp3Jb6jtK0qm/NyUbPRo1gC/wQ=="
      },
      "Microsoft.VisualStudio.Threading.Analyzers": {
        "type": "Direct",
        "requested": "[18.7.23, )",
        "resolved": "18.7.23",
        "contentHash": "dyj6z8m+LFjpeH69hdnciCcRCmD0YgMlvuQEywiEshjqj/blgQ+PuWX8Vd5gkWQFoBN4e+TFxx6DvGNSv/gIKg=="
      },
      "Dock.Controls.Recycling.Model": {
        "type": "Transitive",
        "resolved": "12.1.0.6",
        "contentHash": "aUSZtGzyhR8LQFBnZkwvzy8MCt2KGcntR6ei0Gn1e4b38NRAxkbyI9GasGOPsv0H1CJJRSmDCuqjQ1bGjdYNqg=="
      },
      "Dock.Model": {
        "type": "Transitive",
        "resolved": "12.1.0.6",
        "contentHash": "eyptYTadJbhdGnT/9qkbTquFZpPBiRcr6yJvzMv5tLQB56JgbUlVAR1816ILuSeyN8wGPPW3im8g3gdGCp0lIA==",
        "dependencies": {
          "Dock.Controls.Recycling.Model": "12.1.0.6"
        }
      }
    }
  }
}