{
  "version": 2,
  "dependencies": {
    "net10.0": {
      "Meziantou.Analyzer": {
        "type": "Direct",
        "requested": "[3.0.163, )",
        "resolved": "3.0.163",
        "contentHash": "l9iZ+OXBGlAFEKH1y4BSKPXHcmpJmikysSm0brjTau8fR7Qm7IVGLVig+dh0RH9mq4s3neZayuPQrHRweOpxxw=="
      },
      "Microsoft.CodeAnalysis.BannedApiAnalyzers": {
        "type": "Direct",
        "requested": "[5.6.0, )",
        "resolved": "5.6.0",
        "contentHash": "Kcobt3pnOdO0A+6CKiMHZdTEluJpsfxiV20axtZdmfBQnDmiWTKPJADlgAfdTuKNAnVarrkJa0UEGwuOo91muw=="
      },
      "Microsoft.VisualStudio.Threading.Analyzers": {
        "type": "Direct",
        "requested": "[18.7.23, )",
        "resolved": "18.7.23",
        "contentHash": "dyj6z8m+LFjpeH69hdnciCcRCmD0YgMlvuQEywiEshjqj/blgQ+PuWX8Vd5gkWQFoBN4e+TFxx6DvGNSv/gIKg=="
      },
      "Microsoft.Extensions.DependencyInjection.Abstractions": {
        "type": "Transitive",
        "resolved": "10.0.12",
        "contentHash": "9/qymSh7hVDMGTGwrLz8MRp5zRyXy9adGDOs4HwRdnLil3oZGYuWeZjbmHgCQ9BL1qBroVfgUK3U/nb61617Cw=="
      },
      "SQLite3MC.PCLRaw.lib": {
        "type": "Transitive",
        "resolved": "2.4.0",
        "contentHash": "1In6cTL5SGGVbyJh5Uf6Qq6/hf9ecP6bSIUkU7F9JaVvAiMZTwzLXwgXqm4jjWtHpjHiaVURUrjkpbDG3kTKHw=="
      },
      "SQLite3MC.PCLRaw.provider": {
        "type": "Transitive",
        "resolved": "2.4.0",
        "contentHash": "2PTNuZ/3k1Bpva0ZbEa4Q6w6hFclZQGyTi46WtQCp99rgwczOMzoxDWJlCWndIne7giMM/BK8hmHZ0ekbqPxUQ==",
        "dependencies": {
          "SQLitePCLRaw.core": "3.0.2"
        }
      },
      "SQLitePCLRaw.core": {
        "type": "Transitive",
        "resolved": "3.0.2",
        "contentHash": "tnbRf0muOOSJK1RLCfyYK13jynFScgL4xMj7yC3oy8lrrGKXTKmOoWjfdV+cFfBRdppm4qST31hvp8ihgIgvMQ=="
      },
      "ghostshell.application": {
        "type": "Project",
        "dependencies": {
          "GhostShell.Core": "[1.0.0, )"
        }
      },
      "ghostshell.core": {
        "type": "Project"
      },
      "ghostshell.infrastructure": {
        "type": "Project",
        "dependencies": {
          "GhostShell.Application": "[1.0.0, )",
          "GhostShell.Core": "[1.0.0, )",
          "Microsoft.Data.Sqlite.Core": "[10.0.10, )",
          "Microsoft.Extensions.Logging.Abstractions": "[10.0.12, )",
          "SQLite3MC.PCLRaw.bundle": "[2.4.0, )",
          "SSH.NET": "[2026.0.0, )",
          "System.Security.Cryptography.ProtectedData": "[10.0.10, )"
        }
      },
      "BouncyCastle.Cryptography": {
        "type": "CentralTransitive",
        "requested": "[2.7.0, )",
        "resolved": "2.7.0",
        "contentHash": "U+12df8UEWHgBi04YVf/Lgi2dy3SItlIYvHjjEVa/BngCQIzDCDRBk50DDByCfDvSbe5pRNFr3b7UrVK2kMcLw=="
      },
      "Microsoft.Data.Sqlite.Core": {
        "type": "CentralTransitive",
        "requested": "[10.0.10, )",
        "resolved": "10.0.10",
        "contentHash": "TPCs0ldm7AWqcKmp6f/Xr+14sat7hx4rHfRlS4RgCURBH2thEWbAKEyX7cCWr63zVJVOJIJZTg2cBiUXa8ys6g==",
        "dependencies": {
          "SQLitePCLRaw.core": "2.1.11"
        }
      },
      "Microsoft.Extensions.Logging.Abstractions": {
        "type": "CentralTransitive",
        "requested": "[10.0.12, )",
        "resolved": "10.0.12",
        "contentHash": "+24lC4plfbEDNfLAdTV/SWKS7dW+16X4HdydO3R++134kSNTzcbYA4KpR1Hdh6uWisB8Za3AzwyOn+K+NxWIug==",
        "dependencies": {
          "Microsoft.Extensions.DependencyInjection.Abstractions": "10.0.12"
        }
      },
      "SQLite3MC.PCLRaw.bundle": {
        "type": "CentralTransitive",
        "requested": "[2.4.0, )",
        "resolved": "2.4.0",
        "contentHash": "D86SPXNYZQPLnurZnDoo6ZI3TUsw7X5JWIBAMcusAJxPiGepjd5ZvyaXWOFt/GjSfSI2H5B9oGT7P7ymUC1TBg==",
        "dependencies": {
          "SQLite3MC.PCLRaw.lib": "2.4.0",
          "SQLite3MC.PCLRaw.provider": "2.4.0"
        }
      },
      "SSH.NET": {
        "type": "CentralTransitive",
        "requested": "[2026.0.0, )",
        "resolved": "2026.0.0",
        "contentHash": "Yu9dirPq8l3oaat0+OQ7K0nUf5MmYltpia5UGqsApTG4zTPvBC1cxbNnC3NERij26dUST0A3Ef1QdHSn5ArbWQ==",
        "dependencies": {
          "BouncyCastle.Cryptography": "2.7.0",
          "Microsoft.Extensions.Logging.Abstractions": "8.0.3"
        }
      },
      "System.Security.Cryptography.ProtectedData": {
        "type": "CentralTransitive",
        "requested": "[10.0.10, )",
        "resolved": "10.0.10",
        "contentHash": "BKt0SQgq2lq3ESE68jkeLwv95ypANrPDtkTOIFGcnhg2aRUeUUBDrQlkVDZctrg1WenVcvn5P5XZnuYI7q6rFQ=="
      }
    }
  }
}