{
  "version": 2,
  "dependencies": {
    "net10.0": {
      "Avalonia.Fonts.Inter": {
        "type": "Direct",
        "requested": "[12.0.5, )",
        "resolved": "12.0.5",
        "contentHash": "50zhPwYVIaqE0vVyHQxqjclObXYBT23Vt8QhsZ11vKSXddMAgPMd6zEEGGG83s1b3xXH1hZukBFqGgVAkjyZtA==",
        "dependencies": {
          "Avalonia": "12.0.5"
        }
      },
      "Avalonia.Headless": {
        "type": "Direct",
        "requested": "[12.0.5, )",
        "resolved": "12.0.5",
        "contentHash": "F+o+kxHts+hhpUVtzeCe4U7ZLDWbpeVIX8LhoHSw/3oUQHlh+OrO9MGZSMae72hKFRE+r4AJh0kuhzIeWDFgdQ==",
        "dependencies": {
          "Avalonia": "12.0.5",
          "Avalonia.Fonts.Inter": "12.0.5",
          "Avalonia.HarfBuzz": "12.0.5"
        }
      },
      "Avalonia.Skia": {
        "type": "Direct",
        "requested": "[12.0.5, )",
        "resolved": "12.0.5",
        "contentHash": "cSLTpvzsm5JpUA1tQvuht3qN6oiy1PNRgbrp1g7jCSzAFf+OKZecSne+KT1apBQUkevciaHxwtAxLolPGD9izg==",
        "dependencies": {
          "Avalonia": "12.0.5",
          "HarfBuzzSharp": "8.3.1.3",
          "HarfBuzzSharp.NativeAssets.Linux": "8.3.1.3",
          "HarfBuzzSharp.NativeAssets.WebAssembly": "8.3.1.3",
          "SkiaSharp": "3.119.4",
          "SkiaSharp.NativeAssets.Linux": "3.119.4",
          "SkiaSharp.NativeAssets.WebAssembly": "3.119.4"
        }
      },
      "Meziantou.Analyzer": {
        "type": "Direct",
        "requested": "[3.0.163, )",
        "resolved": "3.0.163",
        "contentHash": "l9iZ+OXBGlAFEKH1y4BSKPXHcmpJmikysSm0brjTau8fR7Qm7IVGLVig+dh0RH9mq4s3neZayuPQrHRweOpxxw=="
      },
      "Microsoft.CodeAnalysis.BannedApiAnalyzers": {
        "type": "Direct",
        "requested": "[5.6.0, )",
        "resolved": "5.6.0",
        "contentHash": "Kcobt3pnOdO0A+6CKiMHZdTEluJpsfxiV20axtZdmfBQnDmiWTKPJADlgAfdTuKNAnVarrkJa0UEGwuOo91muw=="
      },
      "Microsoft.VisualStudio.Threading.Analyzers": {
        "type": "Direct",
        "requested": "[18.7.23, )",
        "resolved": "18.7.23",
        "contentHash": "dyj6z8m+LFjpeH69hdnciCcRCmD0YgMlvuQEywiEshjqj/blgQ+PuWX8Vd5gkWQFoBN4e+TFxx6DvGNSv/gIKg=="
      },
      "Apache.Arrow": {
        "type": "Transitive",
        "resolved": "23.0.0",
        "contentHash": "cU4Zm7byFwnb82Ea9ZRvVnq2nJNf/TF9j+rj/MHlvu9RBYMqYtu4sJaR1JmMh3MmSIuwMafVg7PfJxPAMv9dGw==",
        "dependencies": {
          "Apache.Arrow.Scalars": "23.0.0"
        }
      },
      "Apache.Arrow.Scalars": {
        "type": "Transitive",
        "resolved": "23.0.0",
        "contentHash": "i53VmQ505ASXsStf7y29Z5qvhN6PGgFGNb6UUU7z1WmbzEgSjKQuIJkKKVbh+K5rtXRiKyr1Ah3Rmvbeb2BEHQ=="
      },
      "Avalonia.BuildServices": {
        "type": "Transitive",
        "resolved": "11.3.2",
        "contentHash": "qHDToxto1e3hci5YqbG9n0Ty8mlp3zBUN5wT66wKqaDVzXyQ0do3EnRILd4Ke9jpvsktaPpgE0YjEk7hornryQ=="
      },
      "Avalonia.HarfBuzz": {
        "type": "Transitive",
        "resolved": "12.0.5",
        "contentHash": "jR8i/fgrmAKEp0T3iLqfKCoEDJV9ODVzN+8bofM2guEr05eaXbx6iXZxcjh0nDK4UbK0akYDgBfAgyHoatqGjg==",
        "dependencies": {
          "Avalonia": "12.0.5",
          "HarfBuzzSharp": "8.3.1.3",
          "HarfBuzzSharp.NativeAssets.Linux": "8.3.1.3",
          "HarfBuzzSharp.NativeAssets.WebAssembly": "8.3.1.3"
        }
      },
      "Avalonia.Remote.Protocol": {
        "type": "Transitive",
        "resolved": "12.0.5",
        "contentHash": "/S4T1uZzXvPpN0Sqs44u3Rl5/qCZHHefRK7xyORONHH1w60IfsfsE5RbwFSku7qmib1DsGZZXxtweJq24ERfbg=="
      },
      "AWSSDK.Core": {
        "type": "Transitive",
        "resolved": "4.0.102.1",
        "contentHash": "vsf+/o+S/euH/wG7bO1cha+OWaHvjgvpDeGFO6l3Vcdio9GlSfXkZDD2BogMuAJ+/jDyqqSgqmYVolPKV9ie/A=="
      },
      "Azure.Core": {
        "type": "Transitive",
        "resolved": "1.38.0",
        "contentHash": "IuEgCoVA0ef7E4pQtpC3+TkPbzaoQfa77HlfJDmfuaJUCVJmn7fT0izamZiryW5sYUFKizsftIxMkXKbgIcPMQ==",
        "dependencies": {
          "Microsoft.Bcl.AsyncInterfaces": "1.1.1",
          "System.ClientModel": "1.0.0",
          "System.Memory.Data": "1.0.2"
        }
      },
      "bblanchon.PDFium.Linux": {
        "type": "Transitive",
        "resolved": "152.0.7961",
        "contentHash": "80m1PwszVp53avI/l+BCov8/6jl7B2FU+hQNTSrApMrkwKcCSRDHkXYYrGYsxpc8NAs/44tyrEQdCfX1yRzPhw=="
      },
      "bblanchon.PDFium.macOS": {
        "type": "Transitive",
        "resolved": "152.0.7961",
        "contentHash": "GaBNtpfoiYbXTi9WLeEWSxWi2zG9kJMfuDMF7AH4kK0zjXz3C/Qg9epKIZKN3nfPaS48Qy3uV2VM14QBI/iAGg=="
      },
      "bblanchon.PDFium.Win32": {
        "type": "Transitive",
        "resolved": "152.0.7961",
        "contentHash": "E6m7Y/OZ/eySQBy4drjDCF6pspBdp2PaF6vC04K1BgGbS8UtXOdL0SnReg3zE309hBZ6U/ZDMys9QE5VhBzDDQ=="
      },
      "Dock.Controls.DeferredContentControl": {
        "type": "Transitive",
        "resolved": "12.0.0.2",
        "contentHash": "CV7jl3rIQ5kO2wZ7fe3VPH+kW6m1vU4nqegp4gnxSdZMjTW4OPOwWh/p5tNKAi/7blTqxmpPOH2xWSgtxrLCJg==",
        "dependencies": {
          "Avalonia": "12.0.0"
        }
      },
      "Dock.Controls.ProportionalStackPanel": {
        "type": "Transitive",
        "resolved": "12.0.0.2",
        "contentHash": "5vcR2J92LKdjK3DlRFicWZnoz96JK+34GHJi7Y6ZokoSE+tojHyzW0cNEC5v8Q/iYwRH78Aj0+8nKrPuarqL7A==",
        "dependencies": {
          "Avalonia": "12.0.0"
        }
      },
      "Dock.Controls.Recycling": {
        "type": "Transitive",
        "resolved": "12.0.0.2",
        "contentHash": "nEo0p/CtWjzM0Ayt1wtw4w11oheyd/2epJXw+WzwW8xMJvk2r7LFEexbgFXhYodvylQUtxQHCh41mLXURC9aCQ==",
        "dependencies": {
          "Avalonia": "12.0.0",
          "Dock.Controls.Recycling.Model": "12.0.0.2"
        }
      },
      "Dock.Controls.Recycling.Model": {
        "type": "Transitive",
        "resolved": "12.0.0.2",
        "contentHash": "klVsAStNW7SyvIvV6060o3Rx0Rgzo2Dus3MPJD7Td87FJyK0X7djki8m/EOtD6qi3RyZaRZTLOEjskNk12Q/3Q=="
      },
      "Dock.MarkupExtension": {
        "type": "Transitive",
        "resolved": "12.0.0.2",
        "contentHash": "EAxNAllVDuyP3Oj2i8s3+nsFYWvhMbTqBlkd5dGSNMd75bgM/uLmGSOOpXTZuUWFiWn1vDRWragvPcUmj6EJwQ==",
        "dependencies": {
          "Avalonia": "12.0.0"
        }
      },
      "Dock.Model": {
        "type": "Transitive",
        "resolved": "12.0.0.2",
        "contentHash": "yLD28SMkaGMVdv/kVkO1t+GkBbFWRPKlNoXh+KZ/lPjwCJKg8vm0xmdqdgszMZGbpcWPT7T2LZk/JuwECndftA==",
        "dependencies": {
          "Dock.Controls.Recycling.Model": "12.0.0.2"
        }
      },
      "Dock.Settings": {
        "type": "Transitive",
        "resolved": "12.0.0.2",
        "contentHash": "t/e37uzDSzwQ3hvbluhZJ9dOIe2ZVpROdiJYTw0A6E8zeVoN1wlDjHJGm1wIAgUpJLkjqF+MEbd/rmUm5vAmmg==",
        "dependencies": {
          "Avalonia": "12.0.0",
          "Dock.Model": "12.0.0.2"
        }
      },
      "DuckDB.NET.Bindings.Full": {
        "type": "Transitive",
        "resolved": "1.5.5",
        "contentHash": "QIyg93jXN+ebHtsl3UhNmoKV+UoBlHxicycGUVY8cw/kwTGB8CrrULcLr7ngUkk5pftaPoyIHycxTgshBOalaA=="
      },
      "ExCSS": {
        "type": "Transitive",
        "resolved": "4.3.1",
        "contentHash": "A8UtcghHQlWxPJhJF5bsfEYO7068JHGTuJ7tzyyMjd5fE/N/xY1cVOUhzuLLFwMOCJVnM4mqSQc93W9fGfZ1kA=="
      },
      "FluentIcons.Common": {
        "type": "Transitive",
        "resolved": "2.1.333",
        "contentHash": "ph0Tqd6TIkSOr9Iixw+k6og1Y92UldfGLTxlDfj+FmdKtlG95qDX418TseY6gRcQVS9w+Tt2ye10RVM0kcGHmg=="
      },
      "FluentIcons.Resources.Avalonia": {
        "type": "Transitive",
        "resolved": "2.1.333",
        "contentHash": "RaFZs1cjhW0qzUE6ir5tjLQqIxq5c2l0QhuYb1Dckp3FHleHfGsLrME2/yYVLoF6eA6SCpQ+5ki+XiiNrSgamA==",
        "dependencies": {
          "Avalonia": "12.0.0",
          "FluentIcons.Common": "[2.1.333]"
        }
      },
      "HarfBuzzSharp": {
        "type": "Transitive",
        "resolved": "8.3.1.3",
        "contentHash": "NGZ2+ZVNPM+NdHB/asW0/ykWngyHWwcqjrbN2nDeH1B/aptPGlCUl8wkQ2cSJxw5fdWgdmIPmNuTPWpLwNVXWg==",
        "dependencies": {
          "HarfBuzzSharp.NativeAssets.Win32": "8.3.1.3",
          "HarfBuzzSharp.NativeAssets.macOS": "8.3.1.3"
        }
      },
      "HarfBuzzSharp.NativeAssets.Linux": {
        "type": "Transitive",
        "resolved": "8.3.1.3",
        "contentHash": "RI6A1LgmooU30+4QIyFt5rmBCzP0VzTR+587IJSGvYIsHHWlahFufihYxtraLfsIhW7I8dn6+xX+DZGygOPKWQ=="
      },
      "HarfBuzzSharp.NativeAssets.macOS": {
        "type": "Transitive",
        "resolved": "8.3.1.3",
        "contentHash": "KPTq0xnslkI6nAo0jh3ptcQPJvZZr7MWYXa2jUe4SnHc9q+JlHElmNXp0sfFoiTgoCX7WOYpYsurypuH9Gehxw=="
      },
      "HarfBuzzSharp.NativeAssets.WebAssembly": {
        "type": "Transitive",
        "resolved": "8.3.1.3",
        "contentHash": "w2QfdNm9Uz/sUa0B5D+OnVQhyq3G/fBq6ibQMdWBlQqqwh0g0/5j3RFvYqZAmRZ5+RzvjVe8o8SFFnWYUSkuxA=="
      },
      "HarfBuzzSharp.NativeAssets.Win32": {
        "type": "Transitive",
        "resolved": "8.3.1.3",
        "contentHash": "bx8CE8Js+XGX8PUxAHCBDEORt5aaBYtMN4Hr9QFs57Xithh6yjUyYqksizH6eRDhJkwsGI+SXWmPmMm8lZC9Pw=="
      },
      "Magick.NET.Core": {
        "type": "Transitive",
        "resolved": "14.16.0",
        "contentHash": "ddBX/Zb0sCsX4agqHdHeqUx+grfw8I7GFU+lgut3mtNl7roxbxemSQFGLIJXtzwPuAHxbaMtkXA+ijVl02EUhQ=="
      },
      "MicroCom.Runtime": {
        "type": "Transitive",
        "resolved": "0.11.4",
        "contentHash": "yZ8+Lgwo+KtRI29TB2mIOEMzV+csMJ+pKZg4YHReAP3vRewWLKKeYfrBDo5FS69rWnEbCfU3sbM+ZEQr+GDLtg=="
      },
      "Microsoft.Bcl.AsyncInterfaces": {
        "type": "Transitive",
        "resolved": "1.1.1",
        "contentHash": "yuvf07qFWFqtK3P/MRkEKLhn5r2UbSpVueRziSqj0yJQIKFwG1pq9mOayK3zE5qZCTs0CbrwL9M6R8VwqyGy2w=="
      },
      "Microsoft.Extensions.Caching.Abstractions": {
        "type": "Transitive",
        "resolved": "9.0.4",
        "contentHash": "imcZ5BGhBw5mNsWLepBbqqumWaFe0GtvyCvne2/2wsDIBRa2+Lhx4cU/pKt/4BwOizzUEOls2k1eOJQXHGMalg==",
        "dependencies": {
          "Microsoft.Extensions.Primitives": "9.0.4"
        }
      },
      "Microsoft.Extensions.Configuration": {
        "type": "Transitive",
        "resolved": "8.0.0",
        "contentHash": "0J/9YNXTMWSZP2p2+nvl8p71zpSwokZXZuJW+VjdErkegAnFdO1XlqtA62SJtgVYHdKu3uPxJHcMR/r35HwFBA==",
        "dependencies": {
          "Microsoft.Extensions.Configuration.Abstractions": "8.0.0",
          "Microsoft.Extensions.Primitives": "8.0.0"
        }
      },
      "Microsoft.Extensions.Configuration.Abstractions": {
        "type": "Transitive",
        "resolved": "8.0.0",
        "contentHash": "3lE/iLSutpgX1CC0NOW70FJoGARRHbyKmG7dc0klnUZ9Dd9hS6N/POPWhKhMLCEuNN5nXEY5agmlFtH562vqhQ==",
        "dependencies": {
          "Microsoft.Extensions.Primitives": "8.0.0"
        }
      },
      "Microsoft.Extensions.Configuration.Binder": {
        "type": "Transitive",
        "resolved": "8.0.0",
        "contentHash": "mBMoXLsr5s1y2zOHWmKsE9veDcx8h1x/c3rz4baEdQKTeDcmQAPNbB54Pi/lhFO3K431eEq6PFbMgLaa6PHFfA==",
        "dependencies": {
          "Microsoft.Extensions.Configuration.Abstractions": "8.0.0"
        }
      },
      "Microsoft.Extensions.DependencyInjection.Abstractions": {
        "type": "Transitive",
        "resolved": "10.0.7",
        "contentHash": "Z6mfFEaFcwCfSboxJwOLfu7/31npCY9q70WUamHW/vRQhDvBKOT4Vf9YkZj5J6hLvJpb0oDEYfHunQZj0xxvKw=="
      },
      "Microsoft.Extensions.Diagnostics": {
        "type": "Transitive",
        "resolved": "8.0.1",
        "contentHash": "doVPCUUCY7c6LhBsEfiy3W1bvS7Mi6LkfQMS8nlC22jZWNxBv8VO8bdfeyvpYFst6Kxqk7HBC6lytmEoBssvSQ==",
        "dependencies": {
          "Microsoft.Extensions.Configuration": "8.0.0",
          "Microsoft.Extensions.Diagnostics.Abstractions": "8.0.1",
          "Microsoft.Extensions.Options.ConfigurationExtensions": "8.0.0"
        }
      },
      "Microsoft.Extensions.Diagnostics.Abstractions": {
        "type": "Transitive",
        "resolved": "8.0.1",
        "contentHash": "elH2vmwNmsXuKmUeMQ4YW9ldXiF+gSGDgg1vORksob5POnpaI6caj1Hu8zaYbEuibhqCoWg0YRWDazBY3zjBfg==",
        "dependencies": {
          "Microsoft.Extensions.DependencyInjection.Abstractions": "8.0.2",
          "Microsoft.Extensions.Options": "8.0.2"
        }
      },
      "Microsoft.Extensions.Http": {
        "type": "Transitive",
        "resolved": "8.0.1",
        "contentHash": "kDYeKJUzh0qeg/AI+nSr3ffthmXYQTEb0nS9qRC7YhSbbuN4M4NPbaB77AJwtkTnCV9XZ7qYj3dkZaNcyl73EA==",
        "dependencies": {
          "Microsoft.Extensions.Configuration.Abstractions": "8.0.0",
          "Microsoft.Extensions.DependencyInjection.Abstractions": "8.0.2",
          "Microsoft.Extensions.Diagnostics": "8.0.1",
          "Microsoft.Extensions.Logging": "8.0.1",
          "Microsoft.Extensions.Logging.Abstractions": "8.0.2",
          "Microsoft.Extensions.Options": "8.0.2"
        }
      },
      "Microsoft.Extensions.Logging": {
        "type": "Transitive",
        "resolved": "8.0.1",
        "contentHash": "4x+pzsQEbqxhNf1QYRr5TDkLP9UsLT3A6MdRKDDEgrW7h1ljiEPgTNhKYUhNCCAaVpQECVQ+onA91PTPnIp6Lw==",
        "dependencies": {
          "Microsoft.Extensions.DependencyInjection": "8.0.1",
          "Microsoft.Extensions.Logging.Abstractions": "8.0.2",
          "Microsoft.Extensions.Options": "8.0.2"
        }
      },
      "Microsoft.Extensions.ObjectPool": {
        "type": "Transitive",
        "resolved": "10.0.3",
        "contentHash": "dQKlVXzqflsv5X8iDlAN5YmTL1GcLCrOLKo1s9PNdfjqxeu0S/jmWTfiLGno+8+o1qFL3+VFAH5/ftmypN+sPw=="
      },
      "Microsoft.Extensions.Options": {
        "type": "Transitive",
        "resolved": "9.0.4",
        "contentHash": "fiFI2+58kicqVZyt/6obqoFwHiab7LC4FkQ3mmiBJ28Yy4fAvy2+v9MRnSvvlOO8chTOjKsdafFl/K9veCPo5g==",
        "dependencies": {
          "Microsoft.Extensions.DependencyInjection.Abstractions": "9.0.4",
          "Microsoft.Extensions.Primitives": "9.0.4"
        }
      },
      "Microsoft.Extensions.Options.ConfigurationExtensions": {
        "type": "Transitive",
        "resolved": "8.0.0",
        "contentHash": "0f4DMRqEd50zQh+UyJc+/HiBsZ3vhAQALgdkcQEalSH1L2isdC7Yj54M3cyo5e+BeO5fcBQ7Dxly8XiBBcvRgw==",
        "dependencies": {
          "Microsoft.Extensions.Configuration.Abstractions": "8.0.0",
          "Microsoft.Extensions.Configuration.Binder": "8.0.0",
          "Microsoft.Extensions.DependencyInjection.Abstractions": "8.0.0",
          "Microsoft.Extensions.Options": "8.0.0",
          "Microsoft.Extensions.Primitives": "8.0.0"
        }
      },
      "Microsoft.Extensions.Primitives": {
        "type": "Transitive",
        "resolved": "9.0.4",
        "contentHash": "SPFyMjyku1nqTFFJ928JAMd0QnRe4xjE7KeKnZMWXf3xk+6e0WiOZAluYtLdbJUXtsl2cCRSi8cBquJ408k8RA=="
      },
      "Microsoft.Identity.Client": {
        "type": "Transitive",
        "resolved": "4.61.3",
        "contentHash": "naJo/Qm35Caaoxp5utcw+R8eU8ZtLz2ALh8S+gkekOYQ1oazfCQMWVT4NJ/FnHzdIJlm8dMz0oMpMGCabx5odA==",
        "dependencies": {
          "Microsoft.IdentityModel.Abstractions": "6.35.0"
        }
      },
      "Microsoft.Identity.Client.Extensions.Msal": {
        "type": "Transitive",
        "resolved": "4.61.3",
        "contentHash": "PWnJcznrSGr25MN8ajlc2XIDW4zCFu0U6FkpaNLEWLgd1NgFCp5uDY3mqLDgM8zCN8hqj8yo5wHYfLB2HjcdGw==",
        "dependencies": {
          "Microsoft.Identity.Client": "4.61.3",
          "System.Security.Cryptography.ProtectedData": "4.5.0"
        }
      },
      "Microsoft.IdentityModel.Abstractions": {
        "type": "Transitive",
        "resolved": "7.5.0",
        "contentHash": "seOFPaBQh2K683eFujAuDsrO2XbOA+SvxRli+wu7kl+ZymuGQzjmmUKfyFHmDazpPOBnmOX1ZnjX7zFDZHyNIA=="
      },
      "Microsoft.IdentityModel.Logging": {
        "type": "Transitive",
        "resolved": "7.5.0",
        "contentHash": "3BInZEajJvnTDP/YRrmJ3Fyw8XAWWR9jG+3FkhhzRJJYItVL+BEH9qlgxSmtrxp7S7N6TOv+Y+X8BG61viiehQ==",
        "dependencies": {
          "Microsoft.IdentityModel.Abstractions": "7.5.0"
        }
      },
      "Microsoft.IdentityModel.Protocols": {
        "type": "Transitive",
        "resolved": "7.5.0",
        "contentHash": "ugyb0Nm+I+UrHGYg28mL8oCV31xZrOEbs8fQkcShUoKvgk22HroD2odCnqEf56CoAFYTwoDExz8deXzrFC+TyA==",
        "dependencies": {
          "Microsoft.IdentityModel.Tokens": "7.5.0"
        }
      },
      "Microsoft.IdentityModel.Tokens": {
        "type": "Transitive",
        "resolved": "7.5.0",
        "contentHash": "owe33wqe0ZbwBxM3D90I0XotxNyTdl85jud03d+OrUOJNnTiqnYePwBk3WU9yW0Rk5CYX+sfSim7frmu6jeEzQ==",
        "dependencies": {
          "Microsoft.IdentityModel.Logging": "7.5.0"
        }
      },
      "Microsoft.IO.RecyclableMemoryStream": {
        "type": "Transitive",
        "resolved": "3.0.1",
        "contentHash": "s/s20YTVY9r9TPfTrN5g8zPF1YhwxyqO6PxUkrYTGI2B+OGPe9AdajWZrLhFqXIvqIW23fnUE4+ztrUWNU1+9g=="
      },
      "NodaTime": {
        "type": "Transitive",
        "resolved": "3.2.2",
        "contentHash": "dmju5W0UYC3QP/UJM0juKAZkH0HSDMp0gH91A0+mT9M0kgyM2Jm67hUZPl/WRQLq8Lijjqmdk8kyAViWFWM7dA=="
      },
      "Onigwrap": {
        "type": "Transitive",
        "resolved": "1.0.11",
        "contentHash": "5/WAxSYWfiiPzp1X13qqdqjFmYLKDD/U7Vh3WCkKxWG9BjqdrXnQE5fCKCFJX+xWvuYLTxwZIVWBwBWObViE8g=="
      },
      "ShimSkiaSharp": {
        "type": "Transitive",
        "resolved": "5.1.1",
        "contentHash": "yYLSkTgGliFONplDPaSOpmTbV0VhbjHySYAqA3NMJilqPA/OBevX3/4sJ0k4FRhbuI8akyw6O2RMO/xUKwFBxQ=="
      },
      "SkiaSharp": {
        "type": "Transitive",
        "resolved": "4.150.1",
        "contentHash": "5v3T8X1N62Dp+AkPO70GNBNS/NRBPGMOTiN+Prg33sZAcm/Ug3YOAH+3RTj/jxJV8NGTJs2idGpC2Qdae2mGLQ==",
        "dependencies": {
          "SkiaSharp.NativeAssets.Win32": "4.150.1",
          "SkiaSharp.NativeAssets.macOS": "4.150.1"
        }
      },
      "SkiaSharp.NativeAssets.Linux": {
        "type": "Transitive",
        "resolved": "3.119.4",
        "contentHash": "UAyVzbqNfZsZbKbzj68zXLyUyF/SbTKmzTfOO6qDu++dtIUMMTzPBe8oOuzU/DiewpfKoUUlOSsJmqWc6blxBw=="
      },
      "SkiaSharp.NativeAssets.Linux.NoDependencies": {
        "type": "Transitive",
        "resolved": "4.150.1",
        "contentHash": "2KVadgDky2xQw7lEMRT/u0ftX5K1u8X7MhCN47Em22Z6VM6JJg1c9cwfGuSPAt1oY6+GjGHH18vkeev+nqT9Kw=="
      },
      "SkiaSharp.NativeAssets.macOS": {
        "type": "Transitive",
        "resolved": "4.150.1",
        "contentHash": "r755HVwaHZhyf1clWjrM2/RoOZYCzkQEmE9pu/mVsebPejWu52niNPUwtfyf112qoF0PIk6OndqVOUoITj6TwQ=="
      },
      "SkiaSharp.NativeAssets.WebAssembly": {
        "type": "Transitive",
        "resolved": "3.119.4",
        "contentHash": "S1HOxtBbD4bYDtA2e9WH5TX+lxqRrTPvKjrjttRhxnHNNu7YY8VFo/LeCP7tNqoTA6PV+8vsvNbmRUEC2ip8RQ=="
      },
      "SkiaSharp.NativeAssets.Win32": {
        "type": "Transitive",
        "resolved": "4.150.1",
        "contentHash": "qrLSL8OonbkMJdSH8heK0Jl39Y2xxZGdd7Ru4cyBXk2ITdx+Fu1sCFLmvCKmnMaYs//mlN/YSpSpOurEXErcQw=="
      },
      "SQLite3MC.PCLRaw.lib": {
        "type": "Transitive",
        "resolved": "2.4.0",
        "contentHash": "1In6cTL5SGGVbyJh5Uf6Qq6/hf9ecP6bSIUkU7F9JaVvAiMZTwzLXwgXqm4jjWtHpjHiaVURUrjkpbDG3kTKHw=="
      },
      "SQLite3MC.PCLRaw.provider": {
        "type": "Transitive",
        "resolved": "2.4.0",
        "contentHash": "2PTNuZ/3k1Bpva0ZbEa4Q6w6hFclZQGyTi46WtQCp99rgwczOMzoxDWJlCWndIne7giMM/BK8hmHZ0ekbqPxUQ==",
        "dependencies": {
          "SQLitePCLRaw.core": "3.0.2"
        }
      },
      "SQLitePCLRaw.core": {
        "type": "Transitive",
        "resolved": "3.0.2",
        "contentHash": "tnbRf0muOOSJK1RLCfyYK13jynFScgL4xMj7yC3oy8lrrGKXTKmOoWjfdV+cFfBRdppm4qST31hvp8ihgIgvMQ=="
      },
      "Sugiyama": {
        "type": "Transitive",
        "resolved": "0.12.1",
        "contentHash": "Coed3BSgRgSPrwv/FYtnnWCma3UCGpsBssSqKtS1EJ8YrYzZJWY/Kjs0iY047uxF3ZWKvxZtzRASow6k5LqkvA=="
      },
      "Svg.Animation": {
        "type": "Transitive",
        "resolved": "5.1.1",
        "contentHash": "HUaU5Pa1fvE2CcYMHhA6nQH+4dcJsDEJ5feYfVoO3ha0u506ugOR0gR1fKHANIwEapYs20nLJQHLb39DK/pJlg==",
        "dependencies": {
          "ShimSkiaSharp": "5.1.1",
          "SkiaSharp": "3.119.2",
          "Svg.Custom": "5.1.1",
          "Svg.Model": "5.1.1"
        }
      },
      "Svg.Custom": {
        "type": "Transitive",
        "resolved": "5.1.1",
        "contentHash": "i53zvhuauElnLtGzezyfzpAs/zJ3UaexqT+JuAQTL6yC5ym1nQXTnjntDhY4qrouJ5elGjEwjag1nzfdPPPGSQ==",
        "dependencies": {
          "ExCSS": "4.3.1"
        }
      },
      "Svg.Model": {
        "type": "Transitive",
        "resolved": "5.1.1",
        "contentHash": "j9j4kqKL5Girwr/2qwzzDRJ7CDXvGipchbNQfxmmUAk70JG3/6mXaF/QJLiIat6p6NU38MBYaOSilVuqaZuC5w==",
        "dependencies": {
          "ShimSkiaSharp": "5.1.1",
          "Svg.Custom": "5.1.1"
        }
      },
      "Svg.SceneGraph": {
        "type": "Transitive",
        "resolved": "5.1.1",
        "contentHash": "p0ti8uOikN7aEg/KDq042xBbWijbOl2sITWMpO9vJ2KEaBeB8jouTDQTK7QssMs8DynR1+FxOsn7WEftXF0jow==",
        "dependencies": {
          "ShimSkiaSharp": "5.1.1",
          "Svg.Custom": "5.1.1",
          "Svg.Model": "5.1.1"
        }
      },
      "Svg.Skia": {
        "type": "Transitive",
        "resolved": "5.1.1",
        "contentHash": "zBcxwGQlEOE1HKFOmcGl/Sl/0aeRajRv/yEE5lRFQqufhIERuuzCHmq6xWK0fyeA+B1uufOR/h5+MHGMatJz4w==",
        "dependencies": {
          "HarfBuzzSharp": "8.3.1.3",
          "HarfBuzzSharp.NativeAssets.Linux": "8.3.1.3",
          "HarfBuzzSharp.NativeAssets.Win32": "8.3.1.3",
          "HarfBuzzSharp.NativeAssets.macOS": "8.3.1.3",
          "SkiaSharp": "3.119.2",
          "Svg.Animation": "5.1.1",
          "Svg.Custom": "5.1.1",
          "Svg.Model": "5.1.1",
          "Svg.SceneGraph": "5.1.1"
        }
      },
      "System.ClientModel": {
        "type": "Transitive",
        "resolved": "1.0.0",
        "contentHash": "I3CVkvxeqFYjIVEP59DnjbeoGNfo/+SZrCLpRz2v/g0gpCHaEMPtWSY0s9k/7jR1rAsLNg2z2u1JRB76tPjnIw==",
        "dependencies": {
          "System.Memory.Data": "1.0.2"
        }
      },
      "System.Diagnostics.EventLog": {
        "type": "Transitive",
        "resolved": "9.0.4",
        "contentHash": "getRQEXD8idlpb1KW56XuxImMy0FKp2WJPDf3Qr0kI/QKxxJSftqfDFVo0DZ3HCJRLU73qHSruv5q2l5O47jQQ=="
      },
      "System.Diagnostics.PerformanceCounter": {
        "type": "Transitive",
        "resolved": "8.0.0",
        "contentHash": "lX6DXxtJqVGWw7N/QmVoiCyVQ+Q/Xp+jVXPr3gLK1jJExSn1qmAjJQeb8gnOYeeBTG3E3PmG1nu92eYj/TEjpg==",
        "dependencies": {
          "System.Configuration.ConfigurationManager": "8.0.0"
        }
      },
      "System.DirectoryServices.Protocols": {
        "type": "Transitive",
        "resolved": "8.0.0",
        "contentHash": "puwJxURHDrYLGTQdsHyeMS72ClTqYa4lDYz6LHSbkZEk5hq8H8JfsO4MyYhB5BMMxg93jsQzLUwrnCumj11UIg=="
      },
      "System.IdentityModel.Tokens.Jwt": {
        "type": "Transitive",
        "resolved": "7.5.0",
        "contentHash": "D0TtrWOfoPdyYSlvOGaU9F1QR+qrbgJ/4eiEsQkIz7YQKIKkGXQldXukn6cYG9OahSq5UVMvyAIObECpH6Wglg==",
        "dependencies": {
          "Microsoft.IdentityModel.JsonWebTokens": "7.5.0",
          "Microsoft.IdentityModel.Tokens": "7.5.0"
        }
      },
      "System.Memory.Data": {
        "type": "Transitive",
        "resolved": "1.0.2",
        "contentHash": "JGkzeqgBsiZwKJZ1IxPNsDFZDhUvuEdX8L8BDC8N3KOj+6zMcNU28CNN59TpZE/VJYy9cP+5M+sbxtWJx3/xtw=="
      },
      "TextMateSharp": {
        "type": "Transitive",
        "resolved": "2.0.4",
        "contentHash": "5Pvn+A4zb1IF+ACAVhgw1aGf9kTyx6j7v5hdup7nCS89Nzby8KQAlCfQ54VC/GAsEoQwh4zKa5MKlAaql8nkPg==",
        "dependencies": {
          "Onigwrap": "1.0.11"
        }
      },
      "ghostshell.app": {
        "type": "Project",
        "dependencies": {
          "Avalonia": "[12.0.5, )",
          "Avalonia.AvaloniaEdit": "[12.0.0, )",
          "Avalonia.Controls.ColorPicker": "[12.0.5, )",
          "Avalonia.Controls.DataGrid": "[12.0.1, )",
          "Avalonia.Fonts.Inter": "[12.0.5, )",
          "Avalonia.Skia": "[12.0.5, )",
          "Avalonia.Themes.Fluent": "[12.0.5, )",
          "AvaloniaEdit.TextMate": "[12.0.0, )",
          "Dock.Avalonia": "[12.0.0.2, )",
          "Dock.Avalonia.Themes.Fluent": "[12.0.0.2, )",
          "Dock.Model.Inpc": "[12.0.0.2, )",
          "FluentIcons.Avalonia": "[2.1.333, )",
          "GhostShell.Application": "[1.0.0, )",
          "GhostShell.Core": "[1.0.0, )",
          "GhostShell.Docking": "[1.0.0, )",
          "Markdig": "[1.3.2, )",
          "Mermaider": "[0.12.1, )",
          "Svg.Controls.Skia.Avalonia": "[12.0.0.13, )",
          "Sylinko.CSharpMath.Avalonia": "[12.0.0, )",
          "TextMateSharp.Grammars": "[2.0.4, )"
        }
      },
      "ghostshell.application": {
        "type": "Project",
        "dependencies": {
          "GhostShell.Core": "[1.0.0, )"
        }
      },
      "ghostshell.core": {
        "type": "Project"
      },
      "ghostshell.databases": {
        "type": "Project",
        "dependencies": {
          "ClickHouse.Client": "[7.14.0, )",
          "DuckDB.NET.Data.Full": "[1.5.5, )",
          "FirebirdSql.Data.FirebirdClient": "[10.3.1, )",
          "GhostShell.Application": "[1.0.0, )",
          "GhostShell.Core": "[1.0.0, )",
          "Microsoft.Data.SqlClient.Routed": "[6.0.2, )",
          "Microsoft.Data.Sqlite.Core": "[10.0.10, )",
          "MySqlConnector": "[2.4.0, )",
          "Npgsql": "[9.0.3, )",
          "Oracle.ManagedDataAccess.Core": "[23.7.0, )",
          "SQLite3MC.PCLRaw.bundle": "[2.4.0, )"
        }
      },
      "ghostshell.docking": {
        "type": "Project",
        "dependencies": {
          "Dock.Model.Inpc": "[12.0.0.2, )"
        }
      },
      "ghostshell.files": {
        "type": "Project",
        "dependencies": {
          "AWSSDK.S3": "[4.0.102.4, )",
          "FluentFTP": "[54.2.0, )",
          "GhostShell.Application": "[1.0.0, )",
          "GhostShell.Core": "[1.0.0, )",
          "LiteDB": "[5.0.21, )",
          "Microsoft.Extensions.Logging.Abstractions": "[10.0.7, )",
          "SMBLibrary": "[1.5.7.1, )",
          "SSH.NET": "[2026.0.0, )",
          "SshNet.Agent": "[2026.0.0, )"
        }
      },
      "ghostshell.previews": {
        "type": "Project",
        "dependencies": {
          "GhostShell.Application": "[1.0.0, )",
          "GhostShell.Core": "[1.0.0, )",
          "Magick.NET-Q8-AnyCPU": "[14.16.0, )",
          "PDFtoImage": "[5.3.0, )",
          "SharpCompress": "[0.50.3, )"
        }
      },
      "microsoft.data.sqlclient.routed": {
        "type": "Project",
        "dependencies": {
          "Azure.Identity": "[1.11.4, )",
          "Microsoft.Bcl.Cryptography": "[9.0.4, )",
          "Microsoft.Data.SqlClient.SNI.runtime": "[6.0.2, )",
          "Microsoft.Extensions.Caching.Memory": "[9.0.4, )",
          "Microsoft.IdentityModel.JsonWebTokens": "[7.5.0, )",
          "Microsoft.IdentityModel.Protocols.OpenIdConnect": "[7.5.0, )",
          "Microsoft.SqlServer.Server": "[1.0.0, )",
          "System.Configuration.ConfigurationManager": "[9.0.4, )",
          "System.Security.Cryptography.Pkcs": "[9.0.4, )"
        }
      },
      "Avalonia": {
        "type": "CentralTransitive",
        "requested": "[12.0.5, )",
        "resolved": "12.0.5",
        "contentHash": "eGDbwos1AMlOaXnGN5IQ+JGG3RViFFuyN3GP70irOSbqZt4H9A6quIP6uVFVni/bBczmt5ELGuHzN+lkLQSD1A==",
        "dependencies": {
          "Avalonia.BuildServices": "11.3.2",
          "Avalonia.Remote.Protocol": "12.0.5",
          "MicroCom.Runtime": "0.11.4"
        }
      },
      "Avalonia.AvaloniaEdit": {
        "type": "CentralTransitive",
        "requested": "[12.0.0, )",
        "resolved": "12.0.0",
        "contentHash": "VNfaYdTbiQ2DlSkSMoLg4DhTbQmQR0cFT6nqEqLkaYGLjBWmUdv5BNIuoObK4c9cgzFqnEJXBaOp4R/bxgFKfQ==",
        "dependencies": {
          "Avalonia": "12.0.0"
        }
      },
      "Avalonia.Controls.ColorPicker": {
        "type": "CentralTransitive",
        "requested": "[12.0.5, )",
        "resolved": "12.0.5",
        "contentHash": "EmYXjNZq5wevvvvbLTNvnDBnZfQ6YuFBPOwDc6IXMFFIFLY4WAfpi3Dr94/qmt55shDcMceogaUiNy0yyLf5NQ==",
        "dependencies": {
          "Avalonia": "12.0.5",
          "Avalonia.Remote.Protocol": "12.0.5"
        }
      },
      "Avalonia.Controls.DataGrid": {
        "type": "CentralTransitive",
        "requested": "[12.0.1, )",
        "resolved": "12.0.1",
        "contentHash": "iH1Nb0bnaPi6mwYudIVxtWkqXVKOSngweFDtX9RlxyBoegvwEmeKYXFnXYNmiGs4ip6cDkj3cAYUPZ3y86Alrg==",
        "dependencies": {
          "Avalonia": "12.0.5"
        }
      },
      "Avalonia.Themes.Fluent": {
        "type": "CentralTransitive",
        "requested": "[12.0.5, )",
        "resolved": "12.0.5",
        "contentHash": "QfbziOuzNQzMd0uCbe//p4o1u6EAesEpX41fUCULBaLENd5OAT6iU0GiN9gzhSzVfSjHuxDcafXqJMxi3H3IhA==",
        "dependencies": {
          "Avalonia": "12.0.5"
        }
      },
      "AvaloniaEdit.TextMate": {
        "type": "CentralTransitive",
        "requested": "[12.0.0, )",
        "resolved": "12.0.0",
        "contentHash": "FArIpBB2zcraoYqQIPNkevviNtuzKrA5tEVAAE03PboZMy2recf4TJEXk1BfCw7Oo4fBBh7srUqOdK5RNSUNrg==",
        "dependencies": {
          "Avalonia": "12.0.0",
          "Avalonia.AvaloniaEdit": "12.0.0",
          "TextMateSharp": "2.0.3",
          "TextMateSharp.Grammars": "2.0.3"
        }
      },
      "AWSSDK.S3": {
        "type": "CentralTransitive",
        "requested": "[4.0.102.4, )",
        "resolved": "4.0.102.4",
        "contentHash": "rfUhmzlQifO7Uk3AErPweV1FbwZYI+OuogPjfS/7mbVKVWCYYCLkkLozh2mS/qaHPNGPGFeSFAR1NbWnQyd2pQ==",
        "dependencies": {
          "AWSSDK.Core": "[4.0.102.1, 5.0.0)"
        }
      },
      "Azure.Identity": {
        "type": "CentralTransitive",
        "requested": "[1.11.4, )",
        "resolved": "1.11.4",
        "contentHash": "Sf4BoE6Q3jTgFkgBkx7qztYOFELBCo+wQgpYDwal/qJ1unBH73ywPztIJKXBXORRzAeNijsuxhk94h0TIMvfYg==",
        "dependencies": {
          "Azure.Core": "1.38.0",
          "Microsoft.Identity.Client": "4.61.3",
          "Microsoft.Identity.Client.Extensions.Msal": "4.61.3",
          "System.Security.Cryptography.ProtectedData": "4.7.0"
        }
      },
      "BouncyCastle.Cryptography": {
        "type": "CentralTransitive",
        "requested": "[2.7.0, )",
        "resolved": "2.7.0",
        "contentHash": "U+12df8UEWHgBi04YVf/Lgi2dy3SItlIYvHjjEVa/BngCQIzDCDRBk50DDByCfDvSbe5pRNFr3b7UrVK2kMcLw=="
      },
      "ClickHouse.Client": {
        "type": "CentralTransitive",
        "requested": "[7.14.0, )",
        "resolved": "7.14.0",
        "contentHash": "7nrNoLppjM+2qNQP71oIeo3y6yhNgowg+lGZjk1x0XLcYs4R7maWTiAktlbmCtGZk/gqa4G0GXysVQzxIJdQaQ==",
        "dependencies": {
          "Microsoft.Extensions.Http": "8.0.1",
          "Microsoft.IO.RecyclableMemoryStream": "3.0.1",
          "NodaTime": "3.2.2"
        }
      },
      "Dock.Avalonia": {
        "type": "CentralTransitive",
        "requested": "[12.0.0.2, )",
        "resolved": "12.0.0.2",
        "contentHash": "ET8Fr9bUi81ifs7LOWcD99jLOZChdp3yCjebja4qnFguy0KURMFPuBj0RXnd76SZRp5LFjBXaXb348KtZLPemQ==",
        "dependencies": {
          "Avalonia": "12.0.0",
          "Dock.Controls.DeferredContentControl": "12.0.0.2",
          "Dock.Controls.ProportionalStackPanel": "12.0.0.2",
          "Dock.Controls.Recycling": "12.0.0.2",
          "Dock.MarkupExtension": "12.0.0.2",
          "Dock.Model": "12.0.0.2",
          "Dock.Settings": "12.0.0.2"
        }
      },
      "Dock.Avalonia.Themes.Fluent": {
        "type": "CentralTransitive",
        "requested": "[12.0.0.2, )",
        "resolved": "12.0.0.2",
        "contentHash": "DhCyhsM7eMfWmmNUknlDwFVD4JN0+A/GwtDGtWhfPF8VraC1lYaXY7QfUPtjRrLOu2DlP8AlNaMXlHvZzi74bQ==",
        "dependencies": {
          "Avalonia": "12.0.0",
          "Dock.Avalonia": "12.0.0.2"
        }
      },
      "Dock.Model.Inpc": {
        "type": "CentralTransitive",
        "requested": "[12.0.0.2, )",
        "resolved": "12.0.0.2",
        "contentHash": "ObZcu0Gmp8vkunBrvISvsWsCuODnjYsA5hrb6Examey621SjwLjDwYLswZmzNZfw/a0FxyF56Q1PXf3uxq1wiQ==",
        "dependencies": {
          "Dock.Model": "12.0.0.2"
        }
      },
      "DuckDB.NET.Data.Full": {
        "type": "CentralTransitive",
        "requested": "[1.5.5, )",
        "resolved": "1.5.5",
        "contentHash": "M52jdLPafItTtfzwhvF+a87QHA39fMU6BOlaFLDuzGF6Gx1DSn34+UOEyCMArmw/gGoo1+Btbb/vh51IokVd0w==",
        "dependencies": {
          "Apache.Arrow": "23.0.0",
          "DuckDB.NET.Bindings.Full": "1.5.5"
        }
      },
      "FirebirdSql.Data.FirebirdClient": {
        "type": "CentralTransitive",
        "requested": "[10.3.1, )",
        "resolved": "10.3.1",
        "contentHash": "LDKlTIH3Tivi8sMkwrolVcIZWJDTwxBCugE+eEZRY6pFnK75gmJnV0u4FkC73M6ERbCKUvY7m5ox8VkicJZubg=="
      },
      "FluentFTP": {
        "type": "CentralTransitive",
        "requested": "[54.2.0, )",
        "resolved": "54.2.0",
        "contentHash": "n+OyaqU80gnOltXo2xBPZklAqbtxJAfl2GfblOIe5OCAk4jr/3zYW9Jf1fG6eR/USZq4AKWQcUMmKE9neSk8og=="
      },
      "FluentIcons.Avalonia": {
        "type": "CentralTransitive",
        "requested": "[2.1.333, )",
        "resolved": "2.1.333",
        "contentHash": "rysgTNvvjI8dlRVvt9bmSxfK06ZmPi1X8WIvo1Od+MgA3lI+QUp7mWvaD42Ni7Leh34iFKCME8dEAJdyKZWtlQ==",
        "dependencies": {
          "Avalonia": "12.0.0",
          "FluentIcons.Common": "[2.1.333]",
          "FluentIcons.Resources.Avalonia": "[2.1.333]"
        }
      },
      "LiteDB": {
        "type": "CentralTransitive",
        "requested": "[5.0.21, )",
        "resolved": "5.0.21",
        "contentHash": "ykJ7ffFl7P9YQKR/PLci6zupiLrsSCNkOTiw6OtzntH7d2kCYp5L1+3a/pksKgTEHcJBoPXFtg7VZSGVBseN9w=="
      },
      "Magick.NET-Q8-AnyCPU": {
        "type": "CentralTransitive",
        "requested": "[14.16.0, )",
        "resolved": "14.16.0",
        "contentHash": "mV5igNia0VyUtRAmqUpI/ZBEL78+0A+JxPoOs7clwlZEvPCsvk+uF0hLl10zaFYmH5I8BaqVpI2+R+td1bbNrg==",
        "dependencies": {
          "Magick.NET.Core": "14.16.0"
        }
      },
      "Markdig": {
        "type": "CentralTransitive",
        "requested": "[1.3.2, )",
        "resolved": "1.3.2",
        "contentHash": "fZgOC/3CswUrndjDTac70aQpYdtxbW5+5bRumR7vzvI2HJbkmgKisB1c9oT+GA6v0jB/JDR9BLa9FiPzQmaK6A=="
      },
      "Mermaider": {
        "type": "CentralTransitive",
        "requested": "[0.12.1, )",
        "resolved": "0.12.1",
        "contentHash": "n/xnYTU+Kg8kJMzNaNwB+3UL1QMbrLIq4hPnjy7f7BiCcLhCuSSj2uokBaOp+M7KgFZzie3SqfW5zV1cWRZOvQ==",
        "dependencies": {
          "Microsoft.Extensions.ObjectPool": "10.0.3",
          "Sugiyama": "0.12.1"
        }
      },
      "Microsoft.Bcl.Cryptography": {
        "type": "CentralTransitive",
        "requested": "[9.0.4, )",
        "resolved": "9.0.4",
        "contentHash": "YgZYAWzyNuPVtPq6WNm0bqOWNjYaWgl5mBWTGZyNoXitYBUYSp6iUB9AwK0V1mo793qRJUXz2t6UZrWITZSvuQ=="
      },
      "Microsoft.Data.SqlClient.SNI.runtime": {
        "type": "CentralTransitive",
        "requested": "[6.0.2, )",
        "resolved": "6.0.2",
        "contentHash": "f+pRODTWX7Y67jXO3T5S2dIPZ9qMJNySjlZT/TKmWVNWe19N8jcWmHaqHnnchaq3gxEKv1SWVY5EFzOD06l41w=="
      },
      "Microsoft.Data.Sqlite.Core": {
        "type": "CentralTransitive",
        "requested": "[10.0.10, )",
        "resolved": "10.0.10",
        "contentHash": "TPCs0ldm7AWqcKmp6f/Xr+14sat7hx4rHfRlS4RgCURBH2thEWbAKEyX7cCWr63zVJVOJIJZTg2cBiUXa8ys6g==",
        "dependencies": {
          "SQLitePCLRaw.core": "2.1.11"
        }
      },
      "Microsoft.Extensions.Caching.Memory": {
        "type": "CentralTransitive",
        "requested": "[9.0.4, )",
        "resolved": "9.0.4",
        "contentHash": "G5rEq1Qez5VJDTEyRsRUnewAspKjaY57VGsdZ8g8Ja6sXXzoiI3PpTd1t43HjHqNWD5A06MQveb2lscn+2CU+w==",
        "dependencies": {
          "Microsoft.Extensions.Caching.Abstractions": "9.0.4",
          "Microsoft.Extensions.DependencyInjection.Abstractions": "9.0.4",
          "Microsoft.Extensions.Logging.Abstractions": "9.0.4",
          "Microsoft.Extensions.Options": "9.0.4",
          "Microsoft.Extensions.Primitives": "9.0.4"
        }
      },
      "Microsoft.Extensions.DependencyInjection": {
        "type": "CentralTransitive",
        "requested": "[10.0.10, )",
        "resolved": "8.0.1",
        "contentHash": "BmANAnR5Xd4Oqw7yQ75xOAYODybZQRzdeNucg7kS5wWKd2PNnMdYtJ2Vciy0QLylRmv42DGl5+AFL9izA6F1Rw==",
        "dependencies": {
          "Microsoft.Extensions.DependencyInjection.Abstractions": "8.0.2"
        }
      },
      "Microsoft.Extensions.Logging.Abstractions": {
        "type": "CentralTransitive",
        "requested": "[10.0.7, )",
        "resolved": "10.0.7",
        "contentHash": "tIEcQ2gvERrH2KiCjdsVcHGhXt9lIsuDStfOIeZWr7/fP8IXhGiYfx0/80PNI7WPO2IYuFtlZLSlnTS8+/Mchw==",
        "dependencies": {
          "Microsoft.Extensions.DependencyInjection.Abstractions": "10.0.7"
        }
      },
      "Microsoft.IdentityModel.JsonWebTokens": {
        "type": "CentralTransitive",
        "requested": "[7.5.0, )",
        "resolved": "7.5.0",
        "contentHash": "mfyiGptbcH+oYrzAtWWwuV+7MoM0G0si+9owaj6DGWInhq/N/KDj/pWHhq1ShdmBu332gjP+cppjgwBpsOj7Fg==",
        "dependencies": {
          "Microsoft.IdentityModel.Tokens": "7.5.0"
        }
      },
      "Microsoft.IdentityModel.Protocols.OpenIdConnect": {
        "type": "CentralTransitive",
        "requested": "[7.5.0, )",
        "resolved": "7.5.0",
        "contentHash": "/U3I/8uutTqZr2n/zt0q08bluYklq+5VWP7ZuOGpTUR1ln5bSbrexAzdSGzrhxTxNNbHMCU8Mn2bNQvcmehAxg==",
        "dependencies": {
          "Microsoft.IdentityModel.Protocols": "7.5.0",
          "System.IdentityModel.Tokens.Jwt": "7.5.0"
        }
      },
      "Microsoft.SqlServer.Server": {
        "type": "CentralTransitive",
        "requested": "[1.0.0, )",
        "resolved": "1.0.0",
        "contentHash": "N4KeF3cpcm1PUHym1RmakkzfkEv3GRMyofVv40uXsQhCQeglr2OHNcUk2WOG51AKpGO8ynGpo9M/kFXSzghwug=="
      },
      "MySqlConnector": {
        "type": "CentralTransitive",
        "requested": "[2.4.0, )",
        "resolved": "2.4.0",
        "contentHash": "78M+gVOjbdZEDIyXQqcA7EYlCGS3tpbUELHvn6638A2w0pkPI625ixnzsa5staAd3N9/xFmPJtkKDYwsXpFi/w==",
        "dependencies": {
          "Microsoft.Extensions.DependencyInjection.Abstractions": "8.0.2",
          "Microsoft.Extensions.Logging.Abstractions": "8.0.2"
        }
      },
      "Npgsql": {
        "type": "CentralTransitive",
        "requested": "[9.0.3, )",
        "resolved": "9.0.3",
        "contentHash": "tPvY61CxOAWxNsKLEBg+oR646X4Bc8UmyQ/tJszL/7mEmIXQnnBhVJZrZEEUv0Bstu0mEsHZD5At3EO8zQRAYw==",
        "dependencies": {
          "Microsoft.Extensions.Logging.Abstractions": "8.0.2"
        }
      },
      "Oracle.ManagedDataAccess.Core": {
        "type": "CentralTransitive",
        "requested": "[23.7.0, )",
        "resolved": "23.7.0",
        "contentHash": "psGvNErUu9CO2xHplyp+4fSwDWv6oPKVUE/BRFTIeP2H2YvlstgBPa+Ze1xfAJuVIp2tT6alNtMNPFzAPmIn6Q==",
        "dependencies": {
          "System.Diagnostics.PerformanceCounter": "8.0.0",
          "System.DirectoryServices.Protocols": "8.0.0",
          "System.Security.Cryptography.Pkcs": "8.0.0"
        }
      },
      "PDFtoImage": {
        "type": "CentralTransitive",
        "requested": "[5.3.0, )",
        "resolved": "5.3.0",
        "contentHash": "PidDw4ClzvGwuhyg1rubpQO555nVx2PV6VTB5SSflA3CDdKu+AMZj+M+2gOJ95Ywi9Fa5W9ghcUAQGiGm0U8Vw==",
        "dependencies": {
          "SkiaSharp": "4.150.1",
          "SkiaSharp.NativeAssets.Linux.NoDependencies": "4.150.1",
          "SkiaSharp.NativeAssets.Win32": "4.150.1",
          "SkiaSharp.NativeAssets.macOS": "4.150.1",
          "bblanchon.PDFium.Linux": "152.0.7961",
          "bblanchon.PDFium.Win32": "152.0.7961",
          "bblanchon.PDFium.macOS": "152.0.7961"
        }
      },
      "SharpCompress": {
        "type": "CentralTransitive",
        "requested": "[0.50.3, )",
        "resolved": "0.50.3",
        "contentHash": "xxpO3UQ7JTtl2CjsCLZqvThjGx7ETcgH93CuzOGnTrspG5C3NmMnTIvyUG3YRh3hSysQm3UQEiXBKF3zOmKPwQ=="
      },
      "SMBLibrary": {
        "type": "CentralTransitive",
        "requested": "[1.5.7.1, )",
        "resolved": "1.5.7.1",
        "contentHash": "hcs1myPdnpmbp60rzWofrU9Kgmbmpht4OsrokEwRzxW/S2I47QJsh0s8EV5jIBRY8tp0UnNoJC3jm19wSvTb2A=="
      },
      "SQLite3MC.PCLRaw.bundle": {
        "type": "CentralTransitive",
        "requested": "[2.4.0, )",
        "resolved": "2.4.0",
        "contentHash": "D86SPXNYZQPLnurZnDoo6ZI3TUsw7X5JWIBAMcusAJxPiGepjd5ZvyaXWOFt/GjSfSI2H5B9oGT7P7ymUC1TBg==",
        "dependencies": {
          "SQLite3MC.PCLRaw.lib": "2.4.0",
          "SQLite3MC.PCLRaw.provider": "2.4.0"
        }
      },
      "SSH.NET": {
        "type": "CentralTransitive",
        "requested": "[2026.0.0, )",
        "resolved": "2026.0.0",
        "contentHash": "Yu9dirPq8l3oaat0+OQ7K0nUf5MmYltpia5UGqsApTG4zTPvBC1cxbNnC3NERij26dUST0A3Ef1QdHSn5ArbWQ==",
        "dependencies": {
          "BouncyCastle.Cryptography": "2.7.0",
          "Microsoft.Extensions.Logging.Abstractions": "8.0.3"
        }
      },
      "SshNet.Agent": {
        "type": "CentralTransitive",
        "requested": "[2026.0.0, )",
        "resolved": "2026.0.0",
        "contentHash": "1Q31ysRgeCBCa6rm87AWe+Tert+Pbk2cRovf+Owr04yDwv5kVaSZdilzgG3XYdriH06FWz/8H9A/uR1cKIIIew==",
        "dependencies": {
          "SSH.NET": "[2026.0.0, 2027.0.0)"
        }
      },
      "Svg.Controls.Skia.Avalonia": {
        "type": "CentralTransitive",
        "requested": "[12.0.0.13, )",
        "resolved": "12.0.0.13",
        "contentHash": "jepGZzlv7tHLWFWzCEVrZn4XgTHfFjFE2WtFqsV7bANYxKWyPkXfVcBlPJrccNmyH7oARJ71y54YKHKkr8AkjQ==",
        "dependencies": {
          "Avalonia.Skia": "12.0.0",
          "Svg.Skia": "5.1.1"
        }
      },
      "Sylinko.CSharpMath.Avalonia": {
        "type": "CentralTransitive",
        "requested": "[12.0.0, )",
        "resolved": "12.0.0",
        "contentHash": "uIGv38IvLYuWgvy8TB9+o2WGLS2IgYVWRNHywGIHfU1abdwwLmqPr74fJJV5rt8+Z/2Cgxm2It8IJeofnJgzqA==",
        "dependencies": {
          "Avalonia": "12.0.0"
        }
      },
      "System.Configuration.ConfigurationManager": {
        "type": "CentralTransitive",
        "requested": "[9.0.4, )",
        "resolved": "9.0.4",
        "contentHash": "dvjqKp+2LpGid6phzrdrS/2mmEPxFl3jE1+L7614q4ZChKbLJCpHXg6sBILlCCED1t//EE+un/UdAetzIMpqnw==",
        "dependencies": {
          "System.Diagnostics.EventLog": "9.0.4",
          "System.Security.Cryptography.ProtectedData": "9.0.4"
        }
      },
      "System.Security.Cryptography.Pkcs": {
        "type": "CentralTransitive",
        "requested": "[9.0.4, )",
        "resolved": "9.0.4",
        "contentHash": "cUFTcMlz/Qw9s90b2wnWSCvHdjv51Bau9FQqhsr4TlwSe1OX+7SoXUqphis5G74MLOvMOCghxPPlEqOdCrVVGA=="
      },
      "System.Security.Cryptography.ProtectedData": {
        "type": "CentralTransitive",
        "requested": "[10.0.10, )",
        "resolved": "9.0.4",
        "contentHash": "o94k2RKuAce3GeDMlUvIXlhVa1kWpJw95E6C9LwW0KlG0nj5+SgCiIxJ2Eroqb9sLtG1mEMbFttZIBZ13EJPvQ=="
      },
      "TextMateSharp.Grammars": {
        "type": "CentralTransitive",
        "requested": "[2.0.4, )",
        "resolved": "2.0.4",
        "contentHash": "jzOY00q5u5Vs4L9n2m2PnRZDGwWt2uwkOLh7qlVdCx1kkGSn5eaW5XgnYCyTzEbsCwLV2xlEolnNkr/wuIMAbA==",
        "dependencies": {
          "TextMateSharp": "2.0.4"
        }
      }
    }
  }
}