{
  "version": 2,
  "dependencies": {
    "net10.0": {
      "Avalonia.Headless": {
        "type": "Direct",
        "requested": "[12.0.5, )",
        "resolved": "12.0.5",
        "contentHash": "F+o+kxHts+hhpUVtzeCe4U7ZLDWbpeVIX8LhoHSw/3oUQHlh+OrO9MGZSMae72hKFRE+r4AJh0kuhzIeWDFgdQ==",
        "dependencies": {
          "Avalonia": "12.0.5",
          "Avalonia.Fonts.Inter": "12.0.5",
          "Avalonia.HarfBuzz": "12.0.5"
        }
      },
      "coverlet.collector": {
        "type": "Direct",
        "requested": "[10.0.1, )",
        "resolved": "10.0.1",
        "contentHash": "27jXSV/0DbVqF5jDrAxuQFZ9oaz6gmG03p8ttxAFk+X0M4woFYj7MoWDLCna5EGLb0CE6OE7X6ZH3Wt5smTtaA=="
      },
      "Meziantou.Analyzer": {
        "type": "Direct",
        "requested": "[3.0.163, )",
        "resolved": "3.0.163",
        "contentHash": "l9iZ+OXBGlAFEKH1y4BSKPXHcmpJmikysSm0brjTau8fR7Qm7IVGLVig+dh0RH9mq4s3neZayuPQrHRweOpxxw=="
      },
      "Microsoft.CodeAnalysis.BannedApiAnalyzers": {
        "type": "Direct",
        "requested": "[5.6.0, )",
        "resolved": "5.6.0",
        "contentHash": "Kcobt3pnOdO0A+6CKiMHZdTEluJpsfxiV20axtZdmfBQnDmiWTKPJADlgAfdTuKNAnVarrkJa0UEGwuOo91muw=="
      },
      "Microsoft.NET.Test.Sdk": {
        "type": "Direct",
        "requested": "[18.9.0, )",
        "resolved": "18.9.0",
        "contentHash": "xIzVXa/VpKXqDWzyC/5Hw8JbFY5u9k3Jc53CpcjBiOXvkQGio484LD9FNwOiGUSMDcYL3Rcw9sNgGi5WrswlPQ==",
        "dependencies": {
          "Microsoft.CodeCoverage": "18.9.0",
          "Microsoft.TestPlatform.TestHost": "18.9.0"
        }
      },
      "Microsoft.VisualStudio.Threading.Analyzers": {
        "type": "Direct",
        "requested": "[18.7.23, )",
        "resolved": "18.7.23",
        "contentHash": "dyj6z8m+LFjpeH69hdnciCcRCmD0YgMlvuQEywiEshjqj/blgQ+PuWX8Vd5gkWQFoBN4e+TFxx6DvGNSv/gIKg=="
      },
      "xunit": {
        "type": "Direct",
        "requested": "[2.9.3, )",
        "resolved": "2.9.3",
        "contentHash": "TlXQBinK35LpOPKHAqbLY4xlEen9TBafjs0V5KnA4wZsoQLQJiirCR4CbIXvOH8NzkW4YeJKP5P/Bnrodm0h9Q==",
        "dependencies": {
          "xunit.analyzers": "1.18.0",
          "xunit.assert": "2.9.3",
          "xunit.core": "[2.9.3]"
        }
      },
      "xunit.analyzers": {
        "type": "Direct",
        "requested": "[2.0.0, )",
        "resolved": "2.0.0",
        "contentHash": "2UtauxWDa9C6bT7MvFfZkNoFulfflb00jnDU2xeVO9Y58l4Ah2Mv/HiMs4b0zdpK/SfAxpajkgKNMN8zBKa+7Q=="
      },
      "xunit.runner.visualstudio": {
        "type": "Direct",
        "requested": "[3.1.4, )",
        "resolved": "3.1.4",
        "contentHash": "5mj99LvCqrq3CNi06xYdyIAXOEh+5b33F2nErCzI5zWiDdLHXiPXEWFSUAF8zlIv0ZWqjZNCwHTQeAPYbF3pCg=="
      },
      "Avalonia.BuildServices": {
        "type": "Transitive",
        "resolved": "11.3.2",
        "contentHash": "qHDToxto1e3hci5YqbG9n0Ty8mlp3zBUN5wT66wKqaDVzXyQ0do3EnRILd4Ke9jpvsktaPpgE0YjEk7hornryQ=="
      },
      "Avalonia.HarfBuzz": {
        "type": "Transitive",
        "resolved": "12.0.5",
        "contentHash": "jR8i/fgrmAKEp0T3iLqfKCoEDJV9ODVzN+8bofM2guEr05eaXbx6iXZxcjh0nDK4UbK0akYDgBfAgyHoatqGjg==",
        "dependencies": {
          "Avalonia": "12.0.5",
          "HarfBuzzSharp": "8.3.1.3",
          "HarfBuzzSharp.NativeAssets.Linux": "8.3.1.3",
          "HarfBuzzSharp.NativeAssets.WebAssembly": "8.3.1.3"
        }
      },
      "Avalonia.Remote.Protocol": {
        "type": "Transitive",
        "resolved": "12.0.5",
        "contentHash": "/S4T1uZzXvPpN0Sqs44u3Rl5/qCZHHefRK7xyORONHH1w60IfsfsE5RbwFSku7qmib1DsGZZXxtweJq24ERfbg=="
      },
      "Dock.Controls.DeferredContentControl": {
        "type": "Transitive",
        "resolved": "12.0.0.2",
        "contentHash": "CV7jl3rIQ5kO2wZ7fe3VPH+kW6m1vU4nqegp4gnxSdZMjTW4OPOwWh/p5tNKAi/7blTqxmpPOH2xWSgtxrLCJg==",
        "dependencies": {
          "Avalonia": "12.0.0"
        }
      },
      "Dock.Controls.ProportionalStackPanel": {
        "type": "Transitive",
        "resolved": "12.0.0.2",
        "contentHash": "5vcR2J92LKdjK3DlRFicWZnoz96JK+34GHJi7Y6ZokoSE+tojHyzW0cNEC5v8Q/iYwRH78Aj0+8nKrPuarqL7A==",
        "dependencies": {
          "Avalonia": "12.0.0"
        }
      },
      "Dock.Controls.Recycling": {
        "type": "Transitive",
        "resolved": "12.0.0.2",
        "contentHash": "nEo0p/CtWjzM0Ayt1wtw4w11oheyd/2epJXw+WzwW8xMJvk2r7LFEexbgFXhYodvylQUtxQHCh41mLXURC9aCQ==",
        "dependencies": {
          "Avalonia": "12.0.0",
          "Dock.Controls.Recycling.Model": "12.0.0.2"
        }
      },
      "Dock.Controls.Recycling.Model": {
        "type": "Transitive",
        "resolved": "12.0.0.2",
        "contentHash": "klVsAStNW7SyvIvV6060o3Rx0Rgzo2Dus3MPJD7Td87FJyK0X7djki8m/EOtD6qi3RyZaRZTLOEjskNk12Q/3Q=="
      },
      "Dock.MarkupExtension": {
        "type": "Transitive",
        "resolved": "12.0.0.2",
        "contentHash": "EAxNAllVDuyP3Oj2i8s3+nsFYWvhMbTqBlkd5dGSNMd75bgM/uLmGSOOpXTZuUWFiWn1vDRWragvPcUmj6EJwQ==",
        "dependencies": {
          "Avalonia": "12.0.0"
        }
      },
      "Dock.Model": {
        "type": "Transitive",
        "resolved": "12.0.0.2",
        "contentHash": "yLD28SMkaGMVdv/kVkO1t+GkBbFWRPKlNoXh+KZ/lPjwCJKg8vm0xmdqdgszMZGbpcWPT7T2LZk/JuwECndftA==",
        "dependencies": {
          "Dock.Controls.Recycling.Model": "12.0.0.2"
        }
      },
      "Dock.Settings": {
        "type": "Transitive",
        "resolved": "12.0.0.2",
        "contentHash": "t/e37uzDSzwQ3hvbluhZJ9dOIe2ZVpROdiJYTw0A6E8zeVoN1wlDjHJGm1wIAgUpJLkjqF+MEbd/rmUm5vAmmg==",
        "dependencies": {
          "Avalonia": "12.0.0",
          "Dock.Model": "12.0.0.2"
        }
      },
      "ExCSS": {
        "type": "Transitive",
        "resolved": "4.3.1",
        "contentHash": "A8UtcghHQlWxPJhJF5bsfEYO7068JHGTuJ7tzyyMjd5fE/N/xY1cVOUhzuLLFwMOCJVnM4mqSQc93W9fGfZ1kA=="
      },
      "FluentIcons.Common": {
        "type": "Transitive",
        "resolved": "2.1.333",
        "contentHash": "ph0Tqd6TIkSOr9Iixw+k6og1Y92UldfGLTxlDfj+FmdKtlG95qDX418TseY6gRcQVS9w+Tt2ye10RVM0kcGHmg=="
      },
      "FluentIcons.Resources.Avalonia": {
        "type": "Transitive",
        "resolved": "2.1.333",
        "contentHash": "RaFZs1cjhW0qzUE6ir5tjLQqIxq5c2l0QhuYb1Dckp3FHleHfGsLrME2/yYVLoF6eA6SCpQ+5ki+XiiNrSgamA==",
        "dependencies": {
          "Avalonia": "12.0.0",
          "FluentIcons.Common": "[2.1.333]"
        }
      },
      "HarfBuzzSharp": {
        "type": "Transitive",
        "resolved": "8.3.1.3",
        "contentHash": "NGZ2+ZVNPM+NdHB/asW0/ykWngyHWwcqjrbN2nDeH1B/aptPGlCUl8wkQ2cSJxw5fdWgdmIPmNuTPWpLwNVXWg==",
        "dependencies": {
          "HarfBuzzSharp.NativeAssets.Win32": "8.3.1.3",
          "HarfBuzzSharp.NativeAssets.macOS": "8.3.1.3"
        }
      },
      "HarfBuzzSharp.NativeAssets.Linux": {
        "type": "Transitive",
        "resolved": "8.3.1.3",
        "contentHash": "RI6A1LgmooU30+4QIyFt5rmBCzP0VzTR+587IJSGvYIsHHWlahFufihYxtraLfsIhW7I8dn6+xX+DZGygOPKWQ=="
      },
      "HarfBuzzSharp.NativeAssets.macOS": {
        "type": "Transitive",
        "resolved": "8.3.1.3",
        "contentHash": "KPTq0xnslkI6nAo0jh3ptcQPJvZZr7MWYXa2jUe4SnHc9q+JlHElmNXp0sfFoiTgoCX7WOYpYsurypuH9Gehxw=="
      },
      "HarfBuzzSharp.NativeAssets.WebAssembly": {
        "type": "Transitive",
        "resolved": "8.3.1.3",
        "contentHash": "w2QfdNm9Uz/sUa0B5D+OnVQhyq3G/fBq6ibQMdWBlQqqwh0g0/5j3RFvYqZAmRZ5+RzvjVe8o8SFFnWYUSkuxA=="
      },
      "HarfBuzzSharp.NativeAssets.Win32": {
        "type": "Transitive",
        "resolved": "8.3.1.3",
        "contentHash": "bx8CE8Js+XGX8PUxAHCBDEORt5aaBYtMN4Hr9QFs57Xithh6yjUyYqksizH6eRDhJkwsGI+SXWmPmMm8lZC9Pw=="
      },
      "MicroCom.Runtime": {
        "type": "Transitive",
        "resolved": "0.11.4",
        "contentHash": "yZ8+Lgwo+KtRI29TB2mIOEMzV+csMJ+pKZg4YHReAP3vRewWLKKeYfrBDo5FS69rWnEbCfU3sbM+ZEQr+GDLtg=="
      },
      "Microsoft.CodeCoverage": {
        "type": "Transitive",
        "resolved": "18.9.0",
        "contentHash": "MtegCIKGuG0r/LCdIjoR1HgzCGIUBhR3aNdbtQpts5vMXQuqBDZ2Jsd2uFKoHFM2XrQV6ZrDf3F5oLi3SLTp8w=="
      },
      "Microsoft.Extensions.ObjectPool": {
        "type": "Transitive",
        "resolved": "10.0.3",
        "contentHash": "dQKlVXzqflsv5X8iDlAN5YmTL1GcLCrOLKo1s9PNdfjqxeu0S/jmWTfiLGno+8+o1qFL3+VFAH5/ftmypN+sPw=="
      },
      "Microsoft.TestPlatform.ObjectModel": {
        "type": "Transitive",
        "resolved": "18.9.0",
        "contentHash": "Fz/qXC52VXXopzHj7v2reCKcCqSxkTDCkEDfkNAH0vni/7qK/KLMiEYtRmnUanxO2F2g2zZZ60qCpxF0AF7URA=="
      },
      "Microsoft.TestPlatform.TestHost": {
        "type": "Transitive",
        "resolved": "18.9.0",
        "contentHash": "Oq+Pma/J86aZL72t71bcESvDszDsTjUfl6PIsuDdPoKTHZfNMhKamCfLD5fKx51W/u0KozXtJo2/3fnt0sgPxg==",
        "dependencies": {
          "Microsoft.TestPlatform.ObjectModel": "18.9.0"
        }
      },
      "Onigwrap": {
        "type": "Transitive",
        "resolved": "1.0.11",
        "contentHash": "5/WAxSYWfiiPzp1X13qqdqjFmYLKDD/U7Vh3WCkKxWG9BjqdrXnQE5fCKCFJX+xWvuYLTxwZIVWBwBWObViE8g=="
      },
      "ShimSkiaSharp": {
        "type": "Transitive",
        "resolved": "5.1.1",
        "contentHash": "yYLSkTgGliFONplDPaSOpmTbV0VhbjHySYAqA3NMJilqPA/OBevX3/4sJ0k4FRhbuI8akyw6O2RMO/xUKwFBxQ=="
      },
      "SkiaSharp": {
        "type": "Transitive",
        "resolved": "3.119.4",
        "contentHash": "53NOSUZ1Us+91Sm0uCkIivh/k7jOowRErZT2sIWwPFN9mLUvdxnE6rS4sWo4255+Rd2MWUSF+j0NMZHD6Cke+Q==",
        "dependencies": {
          "SkiaSharp.NativeAssets.Win32": "3.119.4",
          "SkiaSharp.NativeAssets.macOS": "3.119.4"
        }
      },
      "SkiaSharp.NativeAssets.Linux": {
        "type": "Transitive",
        "resolved": "3.119.4",
        "contentHash": "UAyVzbqNfZsZbKbzj68zXLyUyF/SbTKmzTfOO6qDu++dtIUMMTzPBe8oOuzU/DiewpfKoUUlOSsJmqWc6blxBw=="
      },
      "SkiaSharp.NativeAssets.macOS": {
        "type": "Transitive",
        "resolved": "3.119.4",
        "contentHash": "fgBOWEqbY012x7gMfJU4ezgz6dfhJb30Z6YdW35h85Zoe39+a8YNbAAwL29ihPfWoppg5AjvyKNzD1oCvlqWwA=="
      },
      "SkiaSharp.NativeAssets.WebAssembly": {
        "type": "Transitive",
        "resolved": "3.119.4",
        "contentHash": "S1HOxtBbD4bYDtA2e9WH5TX+lxqRrTPvKjrjttRhxnHNNu7YY8VFo/LeCP7tNqoTA6PV+8vsvNbmRUEC2ip8RQ=="
      },
      "SkiaSharp.NativeAssets.Win32": {
        "type": "Transitive",
        "resolved": "3.119.4",
        "contentHash": "XOpbx/4CReO2wYsq2s6rbvdauc6dntG4Zv499sHGTJ87bwZaFXszFkwql3+FIZMc8kUPeaj3Mx2ezIJmo8a1Kg=="
      },
      "Sugiyama": {
        "type": "Transitive",
        "resolved": "0.12.1",
        "contentHash": "Coed3BSgRgSPrwv/FYtnnWCma3UCGpsBssSqKtS1EJ8YrYzZJWY/Kjs0iY047uxF3ZWKvxZtzRASow6k5LqkvA=="
      },
      "Svg.Animation": {
        "type": "Transitive",
        "resolved": "5.1.1",
        "contentHash": "HUaU5Pa1fvE2CcYMHhA6nQH+4dcJsDEJ5feYfVoO3ha0u506ugOR0gR1fKHANIwEapYs20nLJQHLb39DK/pJlg==",
        "dependencies": {
          "ShimSkiaSharp": "5.1.1",
          "SkiaSharp": "3.119.2",
          "Svg.Custom": "5.1.1",
          "Svg.Model": "5.1.1"
        }
      },
      "Svg.Custom": {
        "type": "Transitive",
        "resolved": "5.1.1",
        "contentHash": "i53zvhuauElnLtGzezyfzpAs/zJ3UaexqT+JuAQTL6yC5ym1nQXTnjntDhY4qrouJ5elGjEwjag1nzfdPPPGSQ==",
        "dependencies": {
          "ExCSS": "4.3.1"
        }
      },
      "Svg.Model": {
        "type": "Transitive",
        "resolved": "5.1.1",
        "contentHash": "j9j4kqKL5Girwr/2qwzzDRJ7CDXvGipchbNQfxmmUAk70JG3/6mXaF/QJLiIat6p6NU38MBYaOSilVuqaZuC5w==",
        "dependencies": {
          "ShimSkiaSharp": "5.1.1",
          "Svg.Custom": "5.1.1"
        }
      },
      "Svg.SceneGraph": {
        "type": "Transitive",
        "resolved": "5.1.1",
        "contentHash": "p0ti8uOikN7aEg/KDq042xBbWijbOl2sITWMpO9vJ2KEaBeB8jouTDQTK7QssMs8DynR1+FxOsn7WEftXF0jow==",
        "dependencies": {
          "ShimSkiaSharp": "5.1.1",
          "Svg.Custom": "5.1.1",
          "Svg.Model": "5.1.1"
        }
      },
      "Svg.Skia": {
        "type": "Transitive",
        "resolved": "5.1.1",
        "contentHash": "zBcxwGQlEOE1HKFOmcGl/Sl/0aeRajRv/yEE5lRFQqufhIERuuzCHmq6xWK0fyeA+B1uufOR/h5+MHGMatJz4w==",
        "dependencies": {
          "HarfBuzzSharp": "8.3.1.3",
          "HarfBuzzSharp.NativeAssets.Linux": "8.3.1.3",
          "HarfBuzzSharp.NativeAssets.Win32": "8.3.1.3",
          "HarfBuzzSharp.NativeAssets.macOS": "8.3.1.3",
          "SkiaSharp": "3.119.2",
          "Svg.Animation": "5.1.1",
          "Svg.Custom": "5.1.1",
          "Svg.Model": "5.1.1",
          "Svg.SceneGraph": "5.1.1"
        }
      },
      "TextMateSharp": {
        "type": "Transitive",
        "resolved": "2.0.4",
        "contentHash": "5Pvn+A4zb1IF+ACAVhgw1aGf9kTyx6j7v5hdup7nCS89Nzby8KQAlCfQ54VC/GAsEoQwh4zKa5MKlAaql8nkPg==",
        "dependencies": {
          "Onigwrap": "1.0.11"
        }
      },
      "xunit.abstractions": {
        "type": "Transitive",
        "resolved": "2.0.3",
        "contentHash": "pot1I4YOxlWjIb5jmwvvQNbTrZ3lJQ+jUGkGjWE3hEFM0l5gOnBWS+H3qsex68s5cO52g+44vpGzhAt+42vwKg=="
      },
      "xunit.assert": {
        "type": "Transitive",
        "resolved": "2.9.3",
        "contentHash": "/Kq28fCE7MjOV42YLVRAJzRF0WmEqsmflm0cfpMjGtzQ2lR5mYVj1/i0Y8uDAOLczkL3/jArrwehfMD0YogMAA=="
      },
      "xunit.core": {
        "type": "Transitive",
        "resolved": "2.9.3",
        "contentHash": "BiAEvqGvyme19wE0wTKdADH+NloYqikiU0mcnmiNyXaF9HyHmE6sr/3DC5vnBkgsWaE6yPyWszKSPSApWdRVeQ==",
        "dependencies": {
          "xunit.extensibility.core": "[2.9.3]",
          "xunit.extensibility.execution": "[2.9.3]"
        }
      },
      "xunit.extensibility.core": {
        "type": "Transitive",
        "resolved": "2.9.3",
        "contentHash": "kf3si0YTn2a8J8eZNb+zFpwfoyvIrQ7ivNk5ZYA5yuYk1bEtMe4DxJ2CF/qsRgmEnDr7MnW1mxylBaHTZ4qErA==",
        "dependencies": {
          "xunit.abstractions": "2.0.3"
        }
      },
      "xunit.extensibility.execution": {
        "type": "Transitive",
        "resolved": "2.9.3",
        "contentHash": "yMb6vMESlSrE3Wfj7V6cjQ3S4TXdXpRqYeNEI3zsX31uTsGMJjEw6oD5F5u1cHnMptjhEECnmZSsPxB6ChZHDQ==",
        "dependencies": {
          "xunit.extensibility.core": "[2.9.3]"
        }
      },
      "ghostshell.app": {
        "type": "Project",
        "dependencies": {
          "Avalonia": "[12.0.5, )",
          "Avalonia.AvaloniaEdit": "[12.0.0, )",
          "Avalonia.Controls.ColorPicker": "[12.0.5, )",
          "Avalonia.Controls.DataGrid": "[12.0.1, )",
          "Avalonia.Fonts.Inter": "[12.0.5, )",
          "Avalonia.Skia": "[12.0.5, )",
          "Avalonia.Themes.Fluent": "[12.0.5, )",
          "AvaloniaEdit.TextMate": "[12.0.0, )",
          "Dock.Avalonia": "[12.0.0.2, )",
          "Dock.Avalonia.Themes.Fluent": "[12.0.0.2, )",
          "Dock.Model.Inpc": "[12.0.0.2, )",
          "FluentIcons.Avalonia": "[2.1.333, )",
          "GhostShell.Application": "[1.0.0, )",
          "GhostShell.Core": "[1.0.0, )",
          "GhostShell.Docking": "[1.0.0, )",
          "Markdig": "[1.3.2, )",
          "Mermaider": "[0.12.1, )",
          "Svg.Controls.Skia.Avalonia": "[12.0.0.13, )",
          "Sylinko.CSharpMath.Avalonia": "[12.0.0, )",
          "TextMateSharp.Grammars": "[2.0.4, )"
        }
      },
      "ghostshell.application": {
        "type": "Project",
        "dependencies": {
          "GhostShell.Core": "[1.0.0, )"
        }
      },
      "ghostshell.core": {
        "type": "Project"
      },
      "ghostshell.docking": {
        "type": "Project",
        "dependencies": {
          "Dock.Model.Inpc": "[12.0.0.2, )"
        }
      },
      "ghostshell.protocol": {
        "type": "Project",
        "dependencies": {
          "GhostShell.Core": "[1.0.0, )"
        }
      },
      "ghostshell.sessionhost": {
        "type": "Project",
        "dependencies": {
          "GhostShell.Application": "[1.0.0, )",
          "GhostShell.Core": "[1.0.0, )",
          "GhostShell.Protocol": "[1.0.0, )"
        }
      },
      "Avalonia": {
        "type": "CentralTransitive",
        "requested": "[12.0.5, )",
        "resolved": "12.0.5",
        "contentHash": "eGDbwos1AMlOaXnGN5IQ+JGG3RViFFuyN3GP70irOSbqZt4H9A6quIP6uVFVni/bBczmt5ELGuHzN+lkLQSD1A==",
        "dependencies": {
          "Avalonia.BuildServices": "11.3.2",
          "Avalonia.Remote.Protocol": "12.0.5",
          "MicroCom.Runtime": "0.11.4"
        }
      },
      "Avalonia.AvaloniaEdit": {
        "type": "CentralTransitive",
        "requested": "[12.0.0, )",
        "resolved": "12.0.0",
        "contentHash": "VNfaYdTbiQ2DlSkSMoLg4DhTbQmQR0cFT6nqEqLkaYGLjBWmUdv5BNIuoObK4c9cgzFqnEJXBaOp4R/bxgFKfQ==",
        "dependencies": {
          "Avalonia": "12.0.0"
        }
      },
      "Avalonia.Controls.ColorPicker": {
        "type": "CentralTransitive",
        "requested": "[12.0.5, )",
        "resolved": "12.0.5",
        "contentHash": "EmYXjNZq5wevvvvbLTNvnDBnZfQ6YuFBPOwDc6IXMFFIFLY4WAfpi3Dr94/qmt55shDcMceogaUiNy0yyLf5NQ==",
        "dependencies": {
          "Avalonia": "12.0.5",
          "Avalonia.Remote.Protocol": "12.0.5"
        }
      },
      "Avalonia.Controls.DataGrid": {
        "type": "CentralTransitive",
        "requested": "[12.0.1, )",
        "resolved": "12.0.1",
        "contentHash": "iH1Nb0bnaPi6mwYudIVxtWkqXVKOSngweFDtX9RlxyBoegvwEmeKYXFnXYNmiGs4ip6cDkj3cAYUPZ3y86Alrg==",
        "dependencies": {
          "Avalonia": "12.0.5"
        }
      },
      "Avalonia.Fonts.Inter": {
        "type": "CentralTransitive",
        "requested": "[12.0.5, )",
        "resolved": "12.0.5",
        "contentHash": "50zhPwYVIaqE0vVyHQxqjclObXYBT23Vt8QhsZ11vKSXddMAgPMd6zEEGGG83s1b3xXH1hZukBFqGgVAkjyZtA==",
        "dependencies": {
          "Avalonia": "12.0.5"
        }
      },
      "Avalonia.Skia": {
        "type": "CentralTransitive",
        "requested": "[12.0.5, )",
        "resolved": "12.0.5",
        "contentHash": "cSLTpvzsm5JpUA1tQvuht3qN6oiy1PNRgbrp1g7jCSzAFf+OKZecSne+KT1apBQUkevciaHxwtAxLolPGD9izg==",
        "dependencies": {
          "Avalonia": "12.0.5",
          "HarfBuzzSharp": "8.3.1.3",
          "HarfBuzzSharp.NativeAssets.Linux": "8.3.1.3",
          "HarfBuzzSharp.NativeAssets.WebAssembly": "8.3.1.3",
          "SkiaSharp": "3.119.4",
          "SkiaSharp.NativeAssets.Linux": "3.119.4",
          "SkiaSharp.NativeAssets.WebAssembly": "3.119.4"
        }
      },
      "Avalonia.Themes.Fluent": {
        "type": "CentralTransitive",
        "requested": "[12.0.5, )",
        "resolved": "12.0.5",
        "contentHash": "QfbziOuzNQzMd0uCbe//p4o1u6EAesEpX41fUCULBaLENd5OAT6iU0GiN9gzhSzVfSjHuxDcafXqJMxi3H3IhA==",
        "dependencies": {
          "Avalonia": "12.0.5"
        }
      },
      "AvaloniaEdit.TextMate": {
        "type": "CentralTransitive",
        "requested": "[12.0.0, )",
        "resolved": "12.0.0",
        "contentHash": "FArIpBB2zcraoYqQIPNkevviNtuzKrA5tEVAAE03PboZMy2recf4TJEXk1BfCw7Oo4fBBh7srUqOdK5RNSUNrg==",
        "dependencies": {
          "Avalonia": "12.0.0",
          "Avalonia.AvaloniaEdit": "12.0.0",
          "TextMateSharp": "2.0.3",
          "TextMateSharp.Grammars": "2.0.3"
        }
      },
      "Dock.Avalonia": {
        "type": "CentralTransitive",
        "requested": "[12.0.0.2, )",
        "resolved": "12.0.0.2",
        "contentHash": "ET8Fr9bUi81ifs7LOWcD99jLOZChdp3yCjebja4qnFguy0KURMFPuBj0RXnd76SZRp5LFjBXaXb348KtZLPemQ==",
        "dependencies": {
          "Avalonia": "12.0.0",
          "Dock.Controls.DeferredContentControl": "12.0.0.2",
          "Dock.Controls.ProportionalStackPanel": "12.0.0.2",
          "Dock.Controls.Recycling": "12.0.0.2",
          "Dock.MarkupExtension": "12.0.0.2",
          "Dock.Model": "12.0.0.2",
          "Dock.Settings": "12.0.0.2"
        }
      },
      "Dock.Avalonia.Themes.Fluent": {
        "type": "CentralTransitive",
        "requested": "[12.0.0.2, )",
        "resolved": "12.0.0.2",
        "contentHash": "DhCyhsM7eMfWmmNUknlDwFVD4JN0+A/GwtDGtWhfPF8VraC1lYaXY7QfUPtjRrLOu2DlP8AlNaMXlHvZzi74bQ==",
        "dependencies": {
          "Avalonia": "12.0.0",
          "Dock.Avalonia": "12.0.0.2"
        }
      },
      "Dock.Model.Inpc": {
        "type": "CentralTransitive",
        "requested": "[12.0.0.2, )",
        "resolved": "12.0.0.2",
        "contentHash": "ObZcu0Gmp8vkunBrvISvsWsCuODnjYsA5hrb6Examey621SjwLjDwYLswZmzNZfw/a0FxyF56Q1PXf3uxq1wiQ==",
        "dependencies": {
          "Dock.Model": "12.0.0.2"
        }
      },
      "FluentIcons.Avalonia": {
        "type": "CentralTransitive",
        "requested": "[2.1.333, )",
        "resolved": "2.1.333",
        "contentHash": "rysgTNvvjI8dlRVvt9bmSxfK06ZmPi1X8WIvo1Od+MgA3lI+QUp7mWvaD42Ni7Leh34iFKCME8dEAJdyKZWtlQ==",
        "dependencies": {
          "Avalonia": "12.0.0",
          "FluentIcons.Common": "[2.1.333]",
          "FluentIcons.Resources.Avalonia": "[2.1.333]"
        }
      },
      "Markdig": {
        "type": "CentralTransitive",
        "requested": "[1.3.2, )",
        "resolved": "1.3.2",
        "contentHash": "fZgOC/3CswUrndjDTac70aQpYdtxbW5+5bRumR7vzvI2HJbkmgKisB1c9oT+GA6v0jB/JDR9BLa9FiPzQmaK6A=="
      },
      "Mermaider": {
        "type": "CentralTransitive",
        "requested": "[0.12.1, )",
        "resolved": "0.12.1",
        "contentHash": "n/xnYTU+Kg8kJMzNaNwB+3UL1QMbrLIq4hPnjy7f7BiCcLhCuSSj2uokBaOp+M7KgFZzie3SqfW5zV1cWRZOvQ==",
        "dependencies": {
          "Microsoft.Extensions.ObjectPool": "10.0.3",
          "Sugiyama": "0.12.1"
        }
      },
      "Svg.Controls.Skia.Avalonia": {
        "type": "CentralTransitive",
        "requested": "[12.0.0.13, )",
        "resolved": "12.0.0.13",
        "contentHash": "jepGZzlv7tHLWFWzCEVrZn4XgTHfFjFE2WtFqsV7bANYxKWyPkXfVcBlPJrccNmyH7oARJ71y54YKHKkr8AkjQ==",
        "dependencies": {
          "Avalonia.Skia": "12.0.0",
          "Svg.Skia": "5.1.1"
        }
      },
      "Sylinko.CSharpMath.Avalonia": {
        "type": "CentralTransitive",
        "requested": "[12.0.0, )",
        "resolved": "12.0.0",
        "contentHash": "uIGv38IvLYuWgvy8TB9+o2WGLS2IgYVWRNHywGIHfU1abdwwLmqPr74fJJV5rt8+Z/2Cgxm2It8IJeofnJgzqA==",
        "dependencies": {
          "Avalonia": "12.0.0"
        }
      },
      "TextMateSharp.Grammars": {
        "type": "CentralTransitive",
        "requested": "[2.0.4, )",
        "resolved": "2.0.4",
        "contentHash": "jzOY00q5u5Vs4L9n2m2PnRZDGwWt2uwkOLh7qlVdCx1kkGSn5eaW5XgnYCyTzEbsCwLV2xlEolnNkr/wuIMAbA==",
        "dependencies": {
          "TextMateSharp": "2.0.4"
        }
      }
    }
  }
}