{
  "version": 2,
  "dependencies": {
    "net10.0": {
      "AWSSDK.S3": {
        "type": "Direct",
        "requested": "[4.0.102.4, )",
        "resolved": "4.0.102.4",
        "contentHash": "rfUhmzlQifO7Uk3AErPweV1FbwZYI+OuogPjfS/7mbVKVWCYYCLkkLozh2mS/qaHPNGPGFeSFAR1NbWnQyd2pQ==",
        "dependencies": {
          "AWSSDK.Core": "[4.0.102.1, 5.0.0)"
        }
      },
      "FluentFTP": {
        "type": "Direct",
        "requested": "[54.2.0, )",
        "resolved": "54.2.0",
        "contentHash": "n+OyaqU80gnOltXo2xBPZklAqbtxJAfl2GfblOIe5OCAk4jr/3zYW9Jf1fG6eR/USZq4AKWQcUMmKE9neSk8og=="
      },
      "LiteDB": {
        "type": "Direct",
        "requested": "[5.0.21, )",
        "resolved": "5.0.21",
        "contentHash": "ykJ7ffFl7P9YQKR/PLci6zupiLrsSCNkOTiw6OtzntH7d2kCYp5L1+3a/pksKgTEHcJBoPXFtg7VZSGVBseN9w=="
      },
      "Meziantou.Analyzer": {
        "type": "Direct",
        "requested": "[3.0.163, )",
        "resolved": "3.0.163",
        "contentHash": "l9iZ+OXBGlAFEKH1y4BSKPXHcmpJmikysSm0brjTau8fR7Qm7IVGLVig+dh0RH9mq4s3neZayuPQrHRweOpxxw=="
      },
      "Microsoft.CodeAnalysis.BannedApiAnalyzers": {
        "type": "Direct",
        "requested": "[5.6.0, )",
        "resolved": "5.6.0",
        "contentHash": "Kcobt3pnOdO0A+6CKiMHZdTEluJpsfxiV20axtZdmfBQnDmiWTKPJADlgAfdTuKNAnVarrkJa0UEGwuOo91muw=="
      },
      "Microsoft.Extensions.Logging.Abstractions": {
        "type": "Direct",
        "requested": "[10.0.7, )",
        "resolved": "10.0.7",
        "contentHash": "tIEcQ2gvERrH2KiCjdsVcHGhXt9lIsuDStfOIeZWr7/fP8IXhGiYfx0/80PNI7WPO2IYuFtlZLSlnTS8+/Mchw==",
        "dependencies": {
          "Microsoft.Extensions.DependencyInjection.Abstractions": "10.0.7"
        }
      },
      "Microsoft.NET.ILLink.Tasks": {
        "type": "Direct",
        "requested": "[10.0.11, )",
        "resolved": "10.0.11",
        "contentHash": "IBf7lbovvjGWVWXZX5cJ/cO0WXbId0Zq4BuSeT94mGZuOAP66oMeH9PTBZ9Jpp3Jb6jtK0qm/NyUbPRo1gC/wQ=="
      },
      "Microsoft.VisualStudio.Threading.Analyzers": {
        "type": "Direct",
        "requested": "[18.7.23, )",
        "resolved": "18.7.23",
        "contentHash": "dyj6z8m+LFjpeH69hdnciCcRCmD0YgMlvuQEywiEshjqj/blgQ+PuWX8Vd5gkWQFoBN4e+TFxx6DvGNSv/gIKg=="
      },
      "SMBLibrary": {
        "type": "Direct",
        "requested": "[1.5.7.1, )",
        "resolved": "1.5.7.1",
        "contentHash": "hcs1myPdnpmbp60rzWofrU9Kgmbmpht4OsrokEwRzxW/S2I47QJsh0s8EV5jIBRY8tp0UnNoJC3jm19wSvTb2A=="
      },
      "SSH.NET": {
        "type": "Direct",
        "requested": "[2026.0.0, )",
        "resolved": "2026.0.0",
        "contentHash": "Yu9dirPq8l3oaat0+OQ7K0nUf5MmYltpia5UGqsApTG4zTPvBC1cxbNnC3NERij26dUST0A3Ef1QdHSn5ArbWQ==",
        "dependencies": {
          "BouncyCastle.Cryptography": "2.7.0",
          "Microsoft.Extensions.Logging.Abstractions": "8.0.3"
        }
      },
      "SshNet.Agent": {
        "type": "Direct",
        "requested": "[2026.0.0, )",
        "resolved": "2026.0.0",
        "contentHash": "1Q31ysRgeCBCa6rm87AWe+Tert+Pbk2cRovf+Owr04yDwv5kVaSZdilzgG3XYdriH06FWz/8H9A/uR1cKIIIew==",
        "dependencies": {
          "SSH.NET": "[2026.0.0, 2027.0.0)"
        }
      },
      "AWSSDK.Core": {
        "type": "Transitive",
        "resolved": "4.0.102.1",
        "contentHash": "vsf+/o+S/euH/wG7bO1cha+OWaHvjgvpDeGFO6l3Vcdio9GlSfXkZDD2BogMuAJ+/jDyqqSgqmYVolPKV9ie/A=="
      },
      "Microsoft.Extensions.DependencyInjection.Abstractions": {
        "type": "Transitive",
        "resolved": "10.0.7",
        "contentHash": "Z6mfFEaFcwCfSboxJwOLfu7/31npCY9q70WUamHW/vRQhDvBKOT4Vf9YkZj5J6hLvJpb0oDEYfHunQZj0xxvKw=="
      },
      "ghostshell.application": {
        "type": "Project",
        "dependencies": {
          "GhostShell.Core": "[1.0.0, )"
        }
      },
      "ghostshell.core": {
        "type": "Project"
      },
      "BouncyCastle.Cryptography": {
        "type": "CentralTransitive",
        "requested": "[2.7.0, )",
        "resolved": "2.7.0",
        "contentHash": "U+12df8UEWHgBi04YVf/Lgi2dy3SItlIYvHjjEVa/BngCQIzDCDRBk50DDByCfDvSbe5pRNFr3b7UrVK2kMcLw=="
      }
    }
  }
}